// !$*UTF8*$!
{
	archiveVersion = 1;
	classes = {
	};
	objectVersion = 46;
	objects = {

/* Begin PBXBuildFile section */
		6D3E169B1D60373B000236C4 /* RootCollectionViewController.swift in Sources */ = {isa = PBXBuildFile; fileRef = 6D3E169A1D60373B000236C4 /* RootCollectionViewController.swift */; };
		6D3E169D1D603763000236C4 /* DetailCollectionViewController.swift in Sources */ = {isa = PBXBuildFile; fileRef = 6D3E169C1D603763000236C4 /* DetailCollectionViewController.swift */; };
		6D3E169F1D603C17000236C4 /* CollectionViewTransitionAnimator.swift in Sources */ = {isa = PBXBuildFile; fileRef = 6D3E169E1D603C17000236C4 /* CollectionViewTransitionAnimator.swift */; };
		6D3E16A41D60979E000236C4 /* BlickCollectionViewCell.swift in Sources */ = {isa = PBXBuildFile; fileRef = 6D3E16A01D60979E000236C4 /* BlickCollectionViewCell.swift */; };
		6D3E16A51D60979E000236C4 /* BlickCollectionViewCell.xib in Resources */ = {isa = PBXBuildFile; fileRef = 6D3E16A11D60979E000236C4 /* BlickCollectionViewCell.xib */; };
		6D3E16A61D60979E000236C4 /* ViewerCollectionViewCell.swift in Sources */ = {isa = PBXBuildFile; fileRef = 6D3E16A21D60979E000236C4 /* ViewerCollectionViewCell.swift */; };
		6D3E16A71D60979E000236C4 /* ViewerCollectionViewCell.xib in Resources */ = {isa = PBXBuildFile; fileRef = 6D3E16A31D60979E000236C4 /* ViewerCollectionViewCell.xib */; };
		6D6CA7E91D647382008E4948 /* CustomCollectionViewLayout.swift in Sources */ = {isa = PBXBuildFile; fileRef = 6D6CA7E81D647382008E4948 /* CustomCollectionViewLayout.swift */; };
		6D6CA7EC1D65AFAC008E4948 /* CustomController.swift in Sources */ = {isa = PBXBuildFile; fileRef = 6D6CA7EB1D65AFAC008E4948 /* CustomController.swift */; };
		6D6CA7EF1D65AFD5008E4948 /* CustomCell.swift in Sources */ = {isa = PBXBuildFile; fileRef = 6D6CA7ED1D65AFD5008E4948 /* CustomCell.swift */; };
		6D6CA7F01D65AFD5008E4948 /* CustomCell.xib in Resources */ = {isa = PBXBuildFile; fileRef = 6D6CA7EE1D65AFD5008E4948 /* CustomCell.xib */; };
		6D88C7141D23B7E600679822 /* OtherViewController.swift in Sources */ = {isa = PBXBuildFile; fileRef = 6D88C7131D23B7E600679822 /* OtherViewController.swift */; };
		6D88C71C1D23B90900679822 /* OtherCollectionViewCell.swift in Sources */ = {isa = PBXBuildFile; fileRef = 6D88C71A1D23B90800679822 /* OtherCollectionViewCell.swift */; };
		6D88C71D1D23B90900679822 /* OtherCollectionViewCell.xib in Resources */ = {isa = PBXBuildFile; fileRef = 6D88C71B1D23B90800679822 /* OtherCollectionViewCell.xib */; };
		6D88C71F1D23BA8400679822 /* OtherCollectionLayout.swift in Sources */ = {isa = PBXBuildFile; fileRef = 6D88C71E1D23BA8400679822 /* OtherCollectionLayout.swift */; };
		9393CE111D46139000F582FC /* ViewerController.swift in Sources */ = {isa = PBXBuildFile; fileRef = 9393CE101D46139000F582FC /* ViewerController.swift */; };
		9393CE171D461F8F00F582FC /* BlickViewController.swift in Sources */ = {isa = PBXBuildFile; fileRef = 9393CE161D461F8F00F582FC /* BlickViewController.swift */; };
		9393CE191D461FA700F582FC /* Blick.storyboard in Resources */ = {isa = PBXBuildFile; fileRef = 9393CE181D461FA700F582FC /* Blick.storyboard */; };
		9393CE1F1D47642900F582FC /* TransitionAnimator.swift in Sources */ = {isa = PBXBuildFile; fileRef = 9393CE1E1D47642900F582FC /* TransitionAnimator.swift */; };
		93D111B71D1A572A00B6FF23 /* AppDelegate.swift in Sources */ = {isa = PBXBuildFile; fileRef = 93D111B61D1A572A00B6FF23 /* AppDelegate.swift */; };
		93D111B91D1A572A00B6FF23 /* ViewController.swift in Sources */ = {isa = PBXBuildFile; fileRef = 93D111B81D1A572A00B6FF23 /* ViewController.swift */; };
		93D111BC1D1A572A00B6FF23 /* Main.storyboard in Resources */ = {isa = PBXBuildFile; fileRef = 93D111BA1D1A572A00B6FF23 /* Main.storyboard */; };
		93D111BE1D1A572A00B6FF23 /* Assets.xcassets in Resources */ = {isa = PBXBuildFile; fileRef = 93D111BD1D1A572A00B6FF23 /* Assets.xcassets */; };
		93D111C11D1A572A00B6FF23 /* LaunchScreen.storyboard in Resources */ = {isa = PBXBuildFile; fileRef = 93D111BF1D1A572A00B6FF23 /* LaunchScreen.storyboard */; };
		93D111CC1D1A572A00B6FF23 /* CollectionViewTests.swift in Sources */ = {isa = PBXBuildFile; fileRef = 93D111CB1D1A572A00B6FF23 /* CollectionViewTests.swift */; };
		93D111D71D1A572A00B6FF23 /* CollectionViewUITests.swift in Sources */ = {isa = PBXBuildFile; fileRef = 93D111D61D1A572A00B6FF23 /* CollectionViewUITests.swift */; };
		93D111EC1D1A5B6E00B6FF23 /* CustomCollectionViewCell.swift in Sources */ = {isa = PBXBuildFile; fileRef = 93D111EA1D1A5B6E00B6FF23 /* CustomCollectionViewCell.swift */; };
		93D111ED1D1A5B6E00B6FF23 /* CustomCollectionViewCell.xib in Resources */ = {isa = PBXBuildFile; fileRef = 93D111EB1D1A5B6E00B6FF23 /* CustomCollectionViewCell.xib */; };
		93D111EF1D1A643500B6FF23 /* CustomCollectionViewFlowLayout.swift in Sources */ = {isa = PBXBuildFile; fileRef = 93D111EE1D1A643500B6FF23 /* CustomCollectionViewFlowLayout.swift */; };
		93D111F21D1A6D1E00B6FF23 /* CustomCollectionReusableView.swift in Sources */ = {isa = PBXBuildFile; fileRef = 93D111F01D1A6D1E00B6FF23 /* CustomCollectionReusableView.swift */; };
		93D111F31D1A6D1E00B6FF23 /* CustomCollectionReusableView.xib in Resources */ = {isa = PBXBuildFile; fileRef = 93D111F11D1A6D1E00B6FF23 /* CustomCollectionReusableView.xib */; };
/* End PBXBuildFile section */

/* Begin PBXContainerItemProxy section */
		93D111C81D1A572A00B6FF23 /* PBXContainerItemProxy */ = {
			isa = PBXContainerItemProxy;
			containerPortal = 93D111AB1D1A572A00B6FF23 /* Project object */;
			proxyType = 1;
			remoteGlobalIDString = 93D111B21D1A572A00B6FF23;
			remoteInfo = CollectionView;
		};
		93D111D31D1A572A00B6FF23 /* PBXContainerItemProxy */ = {
			isa = PBXContainerItemProxy;
			containerPortal = 93D111AB1D1A572A00B6FF23 /* Project object */;
			proxyType = 1;
			remoteGlobalIDString = 93D111B21D1A572A00B6FF23;
			remoteInfo = CollectionView;
		};
/* End PBXContainerItemProxy section */

/* Begin PBXFileReference section */
		6D3E169A1D60373B000236C4 /* RootCollectionViewController.swift */ = {isa = PBXFileReference; fileEncoding = 4; lastKnownFileType = sourcecode.swift; path = RootCollectionViewController.swift; sourceTree = "<group>"; };
		6D3E169C1D603763000236C4 /* DetailCollectionViewController.swift */ = {isa = PBXFileReference; fileEncoding = 4; lastKnownFileType = sourcecode.swift; path = DetailCollectionViewController.swift; sourceTree = "<group>"; };
		6D3E169E1D603C17000236C4 /* CollectionViewTransitionAnimator.swift */ = {isa = PBXFileReference; fileEncoding = 4; lastKnownFileType = sourcecode.swift; path = CollectionViewTransitionAnimator.swift; sourceTree = "<group>"; };
		6D3E16A01D60979E000236C4 /* BlickCollectionViewCell.swift */ = {isa = PBXFileReference; fileEncoding = 4; lastKnownFileType = sourcecode.swift; name = BlickCollectionViewCell.swift; path = CollectionView/viewer/BlickCollectionViewCell.swift; sourceTree = SOURCE_ROOT; };
		6D3E16A11D60979E000236C4 /* BlickCollectionViewCell.xib */ = {isa = PBXFileReference; fileEncoding = 4; lastKnownFileType = file.xib; name = BlickCollectionViewCell.xib; path = CollectionView/viewer/BlickCollectionViewCell.xib; sourceTree = SOURCE_ROOT; };
		6D3E16A21D60979E000236C4 /* ViewerCollectionViewCell.swift */ = {isa = PBXFileReference; fileEncoding = 4; lastKnownFileType = sourcecode.swift; name = ViewerCollectionViewCell.swift; path = CollectionView/viewer/ViewerCollectionViewCell.swift; sourceTree = SOURCE_ROOT; };
		6D3E16A31D60979E000236C4 /* ViewerCollectionViewCell.xib */ = {isa = PBXFileReference; fileEncoding = 4; lastKnownFileType = file.xib; name = ViewerCollectionViewCell.xib; path = CollectionView/viewer/ViewerCollectionViewCell.xib; sourceTree = SOURCE_ROOT; };
		6D6CA7E81D647382008E4948 /* CustomCollectionViewLayout.swift */ = {isa = PBXFileReference; fileEncoding = 4; lastKnownFileType = sourcecode.swift; name = CustomCollectionViewLayout.swift; path = CollectionView/CustomCollectionViewLayout.swift; sourceTree = "<group>"; };
		6D6CA7EB1D65AFAC008E4948 /* CustomController.swift */ = {isa = PBXFileReference; fileEncoding = 4; lastKnownFileType = sourcecode.swift; path = CustomController.swift; sourceTree = "<group>"; };
		6D6CA7ED1D65AFD5008E4948 /* CustomCell.swift */ = {isa = PBXFileReference; fileEncoding = 4; lastKnownFileType = sourcecode.swift; path = CustomCell.swift; sourceTree = "<group>"; };
		6D6CA7EE1D65AFD5008E4948 /* CustomCell.xib */ = {isa = PBXFileReference; fileEncoding = 4; lastKnownFileType = file.xib; path = CustomCell.xib; sourceTree = "<group>"; };
		6D88C7131D23B7E600679822 /* OtherViewController.swift */ = {isa = PBXFileReference; fileEncoding = 4; lastKnownFileType = sourcecode.swift; path = OtherViewController.swift; sourceTree = "<group>"; };
		6D88C71A1D23B90800679822 /* OtherCollectionViewCell.swift */ = {isa = PBXFileReference; fileEncoding = 4; lastKnownFileType = sourcecode.swift; path = OtherCollectionViewCell.swift; sourceTree = "<group>"; };
		6D88C71B1D23B90800679822 /* OtherCollectionViewCell.xib */ = {isa = PBXFileReference; fileEncoding = 4; lastKnownFileType = file.xib; path = OtherCollectionViewCell.xib; sourceTree = "<group>"; };
		6D88C71E1D23BA8400679822 /* OtherCollectionLayout.swift */ = {isa = PBXFileReference; fileEncoding = 4; lastKnownFileType = sourcecode.swift; path = OtherCollectionLayout.swift; sourceTree = "<group>"; };
		9393CE101D46139000F582FC /* ViewerController.swift */ = {isa = PBXFileReference; fileEncoding = 4; lastKnownFileType = sourcecode.swift; path = ViewerController.swift; sourceTree = "<group>"; };
		9393CE161D461F8F00F582FC /* BlickViewController.swift */ = {isa = PBXFileReference; fileEncoding = 4; lastKnownFileType = sourcecode.swift; path = BlickViewController.swift; sourceTree = "<group>"; };
		9393CE181D461FA700F582FC /* Blick.storyboard */ = {isa = PBXFileReference; fileEncoding = 4; lastKnownFileType = file.storyboard; path = Blick.storyboard; sourceTree = "<group>"; };
		9393CE1E1D47642900F582FC /* TransitionAnimator.swift */ = {isa = PBXFileReference; fileEncoding = 4; lastKnownFileType = sourcecode.swift; path = TransitionAnimator.swift; sourceTree = "<group>"; };
		93D111B31D1A572A00B6FF23 /* CollectionView.app */ = {isa = PBXFileReference; explicitFileType = wrapper.application; includeInIndex = 0; path = CollectionView.app; sourceTree = BUILT_PRODUCTS_DIR; };
		93D111B61D1A572A00B6FF23 /* AppDelegate.swift */ = {isa = PBXFileReference; lastKnownFileType = sourcecode.swift; path = AppDelegate.swift; sourceTree = "<group>"; };
		93D111B81D1A572A00B6FF23 /* ViewController.swift */ = {isa = PBXFileReference; lastKnownFileType = sourcecode.swift; path = ViewController.swift; sourceTree = "<group>"; };
		93D111BB1D1A572A00B6FF23 /* Base */ = {isa = PBXFileReference; lastKnownFileType = file.storyboard; name = Base; path = Base.lproj/Main.storyboard; sourceTree = "<group>"; };
		93D111BD1D1A572A00B6FF23 /* Assets.xcassets */ = {isa = PBXFileReference; lastKnownFileType = folder.assetcatalog; path = Assets.xcassets; sourceTree = "<group>"; };
		93D111C01D1A572A00B6FF23 /* Base */ = {isa = PBXFileReference; lastKnownFileType = file.storyboard; name = Base; path = Base.lproj/LaunchScreen.storyboard; sourceTree = "<group>"; };
		93D111C21D1A572A00B6FF23 /* Info.plist */ = {isa = PBXFileReference; lastKnownFileType = text.plist.xml; path = Info.plist; sourceTree = "<group>"; };
		93D111C71D1A572A00B6FF23 /* CollectionViewTests.xctest */ = {isa = PBXFileReference; explicitFileType = wrapper.cfbundle; includeInIndex = 0; path = CollectionViewTests.xctest; sourceTree = BUILT_PRODUCTS_DIR; };
		93D111CB1D1A572A00B6FF23 /* CollectionViewTests.swift */ = {isa = PBXFileReference; lastKnownFileType = sourcecode.swift; path = CollectionViewTests.swift; sourceTree = "<group>"; };
		93D111CD1D1A572A00B6FF23 /* Info.plist */ = {isa = PBXFileReference; lastKnownFileType = text.plist.xml; path = Info.plist; sourceTree = "<group>"; };
		93D111D21D1A572A00B6FF23 /* CollectionViewUITests.xctest */ = {isa = PBXFileReference; explicitFileType = wrapper.cfbundle; includeInIndex = 0; path = CollectionViewUITests.xctest; sourceTree = BUILT_PRODUCTS_DIR; };
		93D111D61D1A572A00B6FF23 /* CollectionViewUITests.swift */ = {isa = PBXFileReference; lastKnownFileType = sourcecode.swift; path = CollectionViewUITests.swift; sourceTree = "<group>"; };
		93D111D81D1A572A00B6FF23 /* Info.plist */ = {isa = PBXFileReference; lastKnownFileType = text.plist.xml; path = Info.plist; sourceTree = "<group>"; };
		93D111EA1D1A5B6E00B6FF23 /* CustomCollectionViewCell.swift */ = {isa = PBXFileReference; fileEncoding = 4; lastKnownFileType = sourcecode.swift; path = CustomCollectionViewCell.swift; sourceTree = "<group>"; };
		93D111EB1D1A5B6E00B6FF23 /* CustomCollectionViewCell.xib */ = {isa = PBXFileReference; fileEncoding = 4; lastKnownFileType = file.xib; path = CustomCollectionViewCell.xib; sourceTree = "<group>"; };
		93D111EE1D1A643500B6FF23 /* CustomCollectionViewFlowLayout.swift */ = {isa = PBXFileReference; fileEncoding = 4; lastKnownFileType = sourcecode.swift; path = CustomCollectionViewFlowLayout.swift; sourceTree = "<group>"; };
		93D111F01D1A6D1E00B6FF23 /* CustomCollectionReusableView.swift */ = {isa = PBXFileReference; fileEncoding = 4; lastKnownFileType = sourcecode.swift; path = CustomCollectionReusableView.swift; sourceTree = "<group>"; };
		93D111F11D1A6D1E00B6FF23 /* CustomCollectionReusableView.xib */ = {isa = PBXFileReference; fileEncoding = 4; lastKnownFileType = file.xib; path = CustomCollectionReusableView.xib; sourceTree = "<group>"; };
/* End PBXFileReference section */

/* Begin PBXFrameworksBuildPhase section */
		93D111B01D1A572A00B6FF23 /* Frameworks */ = {
			isa = PBXFrameworksBuildPhase;
			buildActionMask = 2147483647;
			files = (
			);
			runOnlyForDeploymentPostprocessing = 0;
		};
		93D111C41D1A572A00B6FF23 /* Frameworks */ = {
			isa = PBXFrameworksBuildPhase;
			buildActionMask = 2147483647;
			files = (
			);
			runOnlyForDeploymentPostprocessing = 0;
		};
		93D111CF1D1A572A00B6FF23 /* Frameworks */ = {
			isa = PBXFrameworksBuildPhase;
			buildActionMask = 2147483647;
			files = (
			);
			runOnlyForDeploymentPostprocessing = 0;
		};
/* End PBXFrameworksBuildPhase section */

/* Begin PBXGroup section */
		6D3E16991D603401000236C4 /* Transition */ = {
			isa = PBXGroup;
			children = (
				6D3E169C1D603763000236C4 /* DetailCollectionViewController.swift */,
				6D3E169A1D60373B000236C4 /* RootCollectionViewController.swift */,
				6D3E169E1D603C17000236C4 /* CollectionViewTransitionAnimator.swift */,
			);
			path = Transition;
			sourceTree = "<group>";
		};
		6D6CA7EA1D65AF65008E4948 /* Custom */ = {
			isa = PBXGroup;
			children = (
				6D6CA7ED1D65AFD5008E4948 /* CustomCell.swift */,
				6D6CA7EE1D65AFD5008E4948 /* CustomCell.xib */,
				6D6CA7EB1D65AFAC008E4948 /* CustomController.swift */,
			);
			path = Custom;
			sourceTree = "<group>";
		};
		6D88C7151D23B8A100679822 /* Other */ = {
			isa = PBXGroup;
			children = (
				6D88C71E1D23BA8400679822 /* OtherCollectionLayout.swift */,
				6D88C71A1D23B90800679822 /* OtherCollectionViewCell.swift */,
				6D88C71B1D23B90800679822 /* OtherCollectionViewCell.xib */,
				6D88C7131D23B7E600679822 /* OtherViewController.swift */,
			);
			name = Other;
			sourceTree = "<group>";
		};
		9393CE0F1D46136900F582FC /* viewer */ = {
			isa = PBXGroup;
			children = (
				9393CE201D47650300F582FC /* Cell */,
				9393CE101D46139000F582FC /* ViewerController.swift */,
				9393CE161D461F8F00F582FC /* BlickViewController.swift */,
				9393CE181D461FA700F582FC /* Blick.storyboard */,
				9393CE1E1D47642900F582FC /* TransitionAnimator.swift */,
			);
			path = viewer;
			sourceTree = "<group>";
		};
		9393CE201D47650300F582FC /* Cell */ = {
			isa = PBXGroup;
			children = (
				6D3E16A01D60979E000236C4 /* BlickCollectionViewCell.swift */,
				6D3E16A11D60979E000236C4 /* BlickCollectionViewCell.xib */,
				6D3E16A21D60979E000236C4 /* ViewerCollectionViewCell.swift */,
				6D3E16A31D60979E000236C4 /* ViewerCollectionViewCell.xib */,
			);
			path = Cell;
			sourceTree = "<group>";
		};
		93D111AA1D1A572A00B6FF23 = {
			isa = PBXGroup;
			children = (
				6D6CA7E81D647382008E4948 /* CustomCollectionViewLayout.swift */,
				93D111B51D1A572A00B6FF23 /* CollectionView */,
				93D111CA1D1A572A00B6FF23 /* CollectionViewTests */,
				93D111D51D1A572A00B6FF23 /* CollectionViewUITests */,
				93D111B41D1A572A00B6FF23 /* Products */,
			);
			sourceTree = "<group>";
		};
		93D111B41D1A572A00B6FF23 /* Products */ = {
			isa = PBXGroup;
			children = (
				93D111B31D1A572A00B6FF23 /* CollectionView.app */,
				93D111C71D1A572A00B6FF23 /* CollectionViewTests.xctest */,
				93D111D21D1A572A00B6FF23 /* CollectionViewUITests.xctest */,
			);
			name = Products;
			sourceTree = "<group>";
		};
		93D111B51D1A572A00B6FF23 /* CollectionView */ = {
			isa = PBXGroup;
			children = (
				6D6CA7EA1D65AF65008E4948 /* Custom */,
				6D3E16991D603401000236C4 /* Transition */,
				9393CE0F1D46136900F582FC /* viewer */,
				6D88C7151D23B8A100679822 /* Other */,
				93D111BA1D1A572A00B6FF23 /* Main.storyboard */,
				93D111EA1D1A5B6E00B6FF23 /* CustomCollectionViewCell.swift */,
				93D111EB1D1A5B6E00B6FF23 /* CustomCollectionViewCell.xib */,
				93D111B61D1A572A00B6FF23 /* AppDelegate.swift */,
				93D111B81D1A572A00B6FF23 /* ViewController.swift */,
				93D111EE1D1A643500B6FF23 /* CustomCollectionViewFlowLayout.swift */,
				93D111F01D1A6D1E00B6FF23 /* CustomCollectionReusableView.swift */,
				93D111F11D1A6D1E00B6FF23 /* CustomCollectionReusableView.xib */,
				93D111BD1D1A572A00B6FF23 /* Assets.xcassets */,
				93D111BF1D1A572A00B6FF23 /* LaunchScreen.storyboard */,
				93D111C21D1A572A00B6FF23 /* Info.plist */,
			);
			path = CollectionView;
			sourceTree = "<group>";
		};
		93D111CA1D1A572A00B6FF23 /* CollectionViewTests */ = {
			isa = PBXGroup;
			children = (
				93D111CB1D1A572A00B6FF23 /* CollectionViewTests.swift */,
				93D111CD1D1A572A00B6FF23 /* Info.plist */,
			);
			path = CollectionViewTests;
			sourceTree = "<group>";
		};
		93D111D51D1A572A00B6FF23 /* CollectionViewUITests */ = {
			isa = PBXGroup;
			children = (
				93D111D61D1A572A00B6FF23 /* CollectionViewUITests.swift */,
				93D111D81D1A572A00B6FF23 /* Info.plist */,
			);
			path = CollectionViewUITests;
			sourceTree = "<group>";
		};
/* End PBXGroup section */

/* Begin PBXNativeTarget section */
		93D111B21D1A572A00B6FF23 /* CollectionView */ = {
			isa = PBXNativeTarget;
			buildConfigurationList = 93D111DB1D1A572A00B6FF23 /* Build configuration list for PBXNativeTarget "CollectionView" */;
			buildPhases = (
				93D111AF1D1A572A00B6FF23 /* Sources */,
				93D111B01D1A572A00B6FF23 /* Frameworks */,
				93D111B11D1A572A00B6FF23 /* Resources */,
			);
			buildRules = (
			);
			dependencies = (
			);
			name = CollectionView;
			productName = CollectionView;
			productReference = 93D111B31D1A572A00B6FF23 /* CollectionView.app */;
			productType = "com.apple.product-type.application";
		};
		93D111C61D1A572A00B6FF23 /* CollectionViewTests */ = {
			isa = PBXNativeTarget;
			buildConfigurationList = 93D111DE1D1A572A00B6FF23 /* Build configuration list for PBXNativeTarget "CollectionViewTests" */;
			buildPhases = (
				93D111C31D1A572A00B6FF23 /* Sources */,
				93D111C41D1A572A00B6FF23 /* Frameworks */,
				93D111C51D1A572A00B6FF23 /* Resources */,
			);
			buildRules = (
			);
			dependencies = (
				93D111C91D1A572A00B6FF23 /* PBXTargetDependency */,
			);
			name = CollectionViewTests;
			productName = CollectionViewTests;
			productReference = 93D111C71D1A572A00B6FF23 /* CollectionViewTests.xctest */;
			productType = "com.apple.product-type.bundle.unit-test";
		};
		93D111D11D1A572A00B6FF23 /* CollectionViewUITests */ = {
			isa = PBXNativeTarget;
			buildConfigurationList = 93D111E11D1A572A00B6FF23 /* Build configuration list for PBXNativeTarget "CollectionViewUITests" */;
			buildPhases = (
				93D111CE1D1A572A00B6FF23 /* Sources */,
				93D111CF1D1A572A00B6FF23 /* Frameworks */,
				93D111D01D1A572A00B6FF23 /* Resources */,
			);
			buildRules = (
			);
			dependencies = (
				93D111D41D1A572A00B6FF23 /* PBXTargetDependency */,
			);
			name = CollectionViewUITests;
			productName = CollectionViewUITests;
			productReference = 93D111D21D1A572A00B6FF23 /* CollectionViewUITests.xctest */;
			productType = "com.apple.product-type.bundle.ui-testing";
		};
/* End PBXNativeTarget section */

/* Begin PBXProject section */
		93D111AB1D1A572A00B6FF23 /* Project object */ = {
			isa = PBXProject;
			attributes = {
				LastSwiftUpdateCheck = 0730;
				LastUpgradeCheck = 0730;
				ORGANIZATIONNAME = "Shohei Yokoyama";
				TargetAttributes = {
					93D111B21D1A572A00B6FF23 = {
						CreatedOnToolsVersion = 7.3.1;
					};
					93D111C61D1A572A00B6FF23 = {
						CreatedOnToolsVersion = 7.3.1;
						TestTargetID = 93D111B21D1A572A00B6FF23;
					};
					93D111D11D1A572A00B6FF23 = {
						CreatedOnToolsVersion = 7.3.1;
						TestTargetID = 93D111B21D1A572A00B6FF23;
					};
				};
			};
			buildConfigurationList = 93D111AE1D1A572A00B6FF23 /* Build configuration list for PBXProject "CollectionView" */;
			compatibilityVersion = "Xcode 3.2";
			developmentRegion = English;
			hasScannedForEncodings = 0;
			knownRegions = (
				en,
				Base,
			);
			mainGroup = 93D111AA1D1A572A00B6FF23;
			productRefGroup = 93D111B41D1A572A00B6FF23 /* Products */;
			projectDirPath = "";
			projectRoot = "";
			targets = (
				93D111B21D1A572A00B6FF23 /* CollectionView */,
				93D111C61D1A572A00B6FF23 /* CollectionViewTests */,
				93D111D11D1A572A00B6FF23 /* CollectionViewUITests */,
			);
		};
/* End PBXProject section */

/* Begin PBXResourcesBuildPhase section */
		93D111B11D1A572A00B6FF23 /* Resources */ = {
			isa = PBXResourcesBuildPhase;
			buildActionMask = 2147483647;
			files = (
				6D6CA7F01D65AFD5008E4948 /* CustomCell.xib in Resources */,
				93D111C11D1A572A00B6FF23 /* LaunchScreen.storyboard in Resources */,
				93D111BE1D1A572A00B6FF23 /* Assets.xcassets in Resources */,
				93D111F31D1A6D1E00B6FF23 /* CustomCollectionReusableView.xib in Resources */,
				6D3E16A71D60979E000236C4 /* ViewerCollectionViewCell.xib in Resources */,
				93D111BC1D1A572A00B6FF23 /* Main.storyboard in Resources */,
				9393CE191D461FA700F582FC /* Blick.storyboard in Resources */,
				6D3E16A51D60979E000236C4 /* BlickCollectionViewCell.xib in Resources */,
				93D111ED1D1A5B6E00B6FF23 /* CustomCollectionViewCell.xib in Resources */,
				6D88C71D1D23B90900679822 /* OtherCollectionViewCell.xib in Resources */,
			);
			runOnlyForDeploymentPostprocessing = 0;
		};
		93D111C51D1A572A00B6FF23 /* Resources */ = {
			isa = PBXResourcesBuildPhase;
			buildActionMask = 2147483647;
			files = (
			);
			runOnlyForDeploymentPostprocessing = 0;
		};
		93D111D01D1A572A00B6FF23 /* Resources */ = {
			isa = PBXResourcesBuildPhase;
			buildActionMask = 2147483647;
			files = (
			);
			runOnlyForDeploymentPostprocessing = 0;
		};
/* End PBXResourcesBuildPhase section */

/* Begin PBXSourcesBuildPhase section */
		93D111AF1D1A572A00B6FF23 /* Sources */ = {
			isa = PBXSourcesBuildPhase;
			buildActionMask = 2147483647;
			files = (
				6D6CA7EC1D65AFAC008E4948 /* CustomController.swift in Sources */,
				6D3E169B1D60373B000236C4 /* RootCollectionViewController.swift in Sources */,
				93D111B91D1A572A00B6FF23 /* ViewController.swift in Sources */,
				9393CE111D46139000F582FC /* ViewerController.swift in Sources */,
				6D88C71C1D23B90900679822 /* OtherCollectionViewCell.swift in Sources */,
				6D88C71F1D23BA8400679822 /* OtherCollectionLayout.swift in Sources */,
				6D3E169D1D603763000236C4 /* DetailCollectionViewController.swift in Sources */,
				6D3E16A41D60979E000236C4 /* BlickCollectionViewCell.swift in Sources */,
				6D6CA7EF1D65AFD5008E4948 /* CustomCell.swift in Sources */,
				6D88C7141D23B7E600679822 /* OtherViewController.swift in Sources */,
				93D111EC1D1A5B6E00B6FF23 /* CustomCollectionViewCell.swift in Sources */,
				6D3E169F1D603C17000236C4 /* CollectionViewTransitionAnimator.swift in Sources */,
				9393CE171D461F8F00F582FC /* BlickViewController.swift in Sources */,
				93D111B71D1A572A00B6FF23 /* AppDelegate.swift in Sources */,
				6D3E16A61D60979E000236C4 /* ViewerCollectionViewCell.swift in Sources */,
				93D111F21D1A6D1E00B6FF23 /* CustomCollectionReusableView.swift in Sources */,
				93D111EF1D1A643500B6FF23 /* CustomCollectionViewFlowLayout.swift in Sources */,
				9393CE1F1D47642900F582FC /* TransitionAnimator.swift in Sources */,
				6D6CA7E91D647382008E4948 /* CustomCollectionViewLayout.swift in Sources */,
			);
			runOnlyForDeploymentPostprocessing = 0;
		};
		93D111C31D1A572A00B6FF23 /* Sources */ = {
			isa = PBXSourcesBuildPhase;
			buildActionMask = 2147483647;
			files = (
				93D111CC1D1A572A00B6FF23 /* CollectionViewTests.swift in Sources */,
			);
			runOnlyForDeploymentPostprocessing = 0;
		};
		93D111CE1D1A572A00B6FF23 /* Sources */ = {
			isa = PBXSourcesBuildPhase;
			buildActionMask = 2147483647;
			files = (
				93D111D71D1A572A00B6FF23 /* CollectionViewUITests.swift in Sources */,
			);
			runOnlyForDeploymentPostprocessing = 0;
		};
/* End PBXSourcesBuildPhase section */

/* Begin PBXTargetDependency section */
		93D111C91D1A572A00B6FF23 /* PBXTargetDependency */ = {
			isa = PBXTargetDependency;
			target = 93D111B21D1A572A00B6FF23 /* CollectionView */;
			targetProxy = 93D111C81D1A572A00B6FF23 /* PBXContainerItemProxy */;
		};
		93D111D41D1A572A00B6FF23 /* PBXTargetDependency */ = {
			isa = PBXTargetDependency;
			target = 93D111B21D1A572A00B6FF23 /* CollectionView */;
			targetProxy = 93D111D31D1A572A00B6FF23 /* PBXContainerItemProxy */;
		};
/* End PBXTargetDependency section */

/* Begin PBXVariantGroup section */
		93D111BA1D1A572A00B6FF23 /* Main.storyboard */ = {
			isa = PBXVariantGroup;
			children = (
				93D111BB1D1A572A00B6FF23 /* Base */,
			);
			name = Main.storyboard;
			sourceTree = "<group>";
		};
		93D111BF1D1A572A00B6FF23 /* LaunchScreen.storyboard */ = {
			isa = PBXVariantGroup;
			children = (
				93D111C01D1A572A00B6FF23 /* Base */,
			);
			name = LaunchScreen.storyboard;
			sourceTree = "<group>";
		};
/* End PBXVariantGroup section */

/* Begin XCBuildConfiguration section */
		93D111D91D1A572A00B6FF23 /* Debug */ = {
			isa = XCBuildConfiguration;
			buildSettings = {
				ALWAYS_SEARCH_USER_PATHS = NO;
				CLANG_ANALYZER_NONNULL = YES;
				CLANG_CXX_LANGUAGE_STANDARD = "gnu++0x";
				CLANG_CXX_LIBRARY = "libc++";
				CLANG_ENABLE_MODULES = YES;
				CLANG_ENABLE_OBJC_ARC = YES;
				CLANG_WARN_BOOL_CONVERSION = YES;
				CLANG_WARN_CONSTANT_CONVERSION = YES;
				CLANG_WARN_DIRECT_OBJC_ISA_USAGE = YES_ERROR;
				CLANG_WARN_EMPTY_BODY = YES;
				CLANG_WARN_ENUM_CONVERSION = YES;
				CLANG_WARN_INT_CONVERSION = YES;
				CLANG_WARN_OBJC_ROOT_CLASS = YES_ERROR;
				CLANG_WARN_UNREACHABLE_CODE = YES;
				CLANG_WARN__DUPLICATE_METHOD_MATCH = YES;
				"CODE_SIGN_IDENTITY[sdk=iphoneos*]" = "iPhone Developer";
				COPY_PHASE_STRIP = NO;
				DEBUG_INFORMATION_FORMAT = dwarf;
				ENABLE_STRICT_OBJC_MSGSEND = YES;
				ENABLE_TESTABILITY = YES;
				GCC_C_LANGUAGE_STANDARD = gnu99;
				GCC_DYNAMIC_NO_PIC = NO;
				GCC_NO_COMMON_BLOCKS = YES;
				GCC_OPTIMIZATION_LEVEL = 0;
				GCC_PREPROCESSOR_DEFINITIONS = (
					"DEBUG=1",
					"$(inherited)",
				);
				GCC_WARN_64_TO_32_BIT_CONVERSION = YES;
				GCC_WARN_ABOUT_RETURN_TYPE = YES_ERROR;
				GCC_WARN_UNDECLARED_SELECTOR = YES;
				GCC_WARN_UNINITIALIZED_AUTOS = YES_AGGRESSIVE;
				GCC_WARN_UNUSED_FUNCTION = YES;
				GCC_WARN_UNUSED_VARIABLE = YES;
				IPHONEOS_DEPLOYMENT_TARGET = 9.3;
				MTL_ENABLE_DEBUG_INFO = YES;
				ONLY_ACTIVE_ARCH = YES;
				SDKROOT = iphoneos;
				SWIFT_OPTIMIZATION_LEVEL = "-Onone";
				TARGETED_DEVICE_FAMILY = "1,2";
			};
			name = Debug;
		};
		93D111DA1D1A572A00B6FF23 /* Release */ = {
			isa = XCBuildConfiguration;
			buildSettings = {
				ALWAYS_SEARCH_USER_PATHS = NO;
				CLANG_ANALYZER_NONNULL = YES;
				CLANG_CXX_LANGUAGE_STANDARD = "gnu++0x";
				CLANG_CXX_LIBRARY = "libc++";
				CLANG_ENABLE_MODULES = YES;
				CLANG_ENABLE_OBJC_ARC = YES;
				CLANG_WARN_BOOL_CONVERSION = YES;
				CLANG_WARN_CONSTANT_CONVERSION = YES;
				CLANG_WARN_DIRECT_OBJC_ISA_USAGE = YES_ERROR;
				CLANG_WARN_EMPTY_BODY = YES;
				CLANG_WARN_ENUM_CONVERSION = YES;
				CLANG_WARN_INT_CONVERSION = YES;
				CLANG_WARN_OBJC_ROOT_CLASS = YES_ERROR;
				CLANG_WARN_UNREACHABLE_CODE = YES;
				CLANG_WARN__DUPLICATE_METHOD_MATCH = YES;
				"CODE_SIGN_IDENTITY[sdk=iphoneos*]" = "iPhone Developer";
				COPY_PHASE_STRIP = NO;
				DEBUG_INFORMATION_FORMAT = "dwarf-with-dsym";
				ENABLE_NS_ASSERTIONS = NO;
				ENABLE_STRICT_OBJC_MSGSEND = YES;
				GCC_C_LANGUAGE_STANDARD = gnu99;
				GCC_NO_COMMON_BLOCKS = YES;
				GCC_WARN_64_TO_32_BIT_CONVERSION = YES;
				GCC_WARN_ABOUT_RETURN_TYPE = YES_ERROR;
				GCC_WARN_UNDECLARED_SELECTOR = YES;
				GCC_WARN_UNINITIALIZED_AUTOS = YES_AGGRESSIVE;
				GCC_WARN_UNUSED_FUNCTION = YES;
				GCC_WARN_UNUSED_VARIABLE = YES;
				IPHONEOS_DEPLOYMENT_TARGET = 9.3;
				MTL_ENABLE_DEBUG_INFO = NO;
				SDKROOT = iphoneos;
				TARGETED_DEVICE_FAMILY = "1,2";
				VALIDATE_PRODUCT = YES;
			};
			name = Release;
		};
		93D111DC1D1A572A00B6FF23 /* Debug */ = {
			isa = XCBuildConfiguration;
			buildSettings = {
				ASSETCATALOG_COMPILER_APPICON_NAME = AppIcon;
				INFOPLIST_FILE = CollectionView/Info.plist;
				LD_RUNPATH_SEARCH_PATHS = "$(inherited) @executable_path/Frameworks";
				PRODUCT_BUNDLE_IDENTIFIER = shohei.CollectionView;
				PRODUCT_NAME = "$(TARGET_NAME)";
			};
			name = Debug;
		};
		93D111DD1D1A572A00B6FF23 /* Release */ = {
			isa = XCBuildConfiguration;
			buildSettings = {
				ASSETCATALOG_COMPILER_APPICON_NAME = AppIcon;
				INFOPLIST_FILE = CollectionView/Info.plist;
				LD_RUNPATH_SEARCH_PATHS = "$(inherited) @executable_path/Frameworks";
				PRODUCT_BUNDLE_IDENTIFIER = shohei.CollectionView;
				PRODUCT_NAME = "$(TARGET_NAME)";
			};
			name = Release;
		};
		93D111DF1D1A572A00B6FF23 /* Debug */ = {
			isa = XCBuildConfiguration;
			buildSettings = {
				BUNDLE_LOADER = "$(TEST_HOST)";
				INFOPLIST_FILE = CollectionViewTests/Info.plist;
				LD_RUNPATH_SEARCH_PATHS = "$(inherited) @executable_path/Frameworks @loader_path/Frameworks";
				PRODUCT_BUNDLE_IDENTIFIER = shohei.CollectionViewTests;
				PRODUCT_NAME = "$(TARGET_NAME)";
				TEST_HOST = "$(BUILT_PRODUCTS_DIR)/CollectionView.app/CollectionView";
			};
			name = Debug;
		};
		93D111E01D1A572A00B6FF23 /* Release */ = {
			isa = XCBuildConfiguration;
			buildSettings = {
				BUNDLE_LOADER = "$(TEST_HOST)";
				INFOPLIST_FILE = CollectionViewTests/Info.plist;
				LD_RUNPATH_SEARCH_PATHS = "$(inherited) @executable_path/Frameworks @loader_path/Frameworks";
				PRODUCT_BUNDLE_IDENTIFIER = shohei.CollectionViewTests;
				PRODUCT_NAME = "$(TARGET_NAME)";
				TEST_HOST = "$(BUILT_PRODUCTS_DIR)/CollectionView.app/CollectionView";
			};
			name = Release;
		};
		93D111E21D1A572A00B6FF23 /* Debug */ = {
			isa = XCBuildConfiguration;
			buildSettings = {
				INFOPLIST_FILE = CollectionViewUITests/Info.plist;
				LD_RUNPATH_SEARCH_PATHS = "$(inherited) @executable_path/Frameworks @loader_path/Frameworks";
				PRODUCT_BUNDLE_IDENTIFIER = shohei.CollectionViewUITests;
				PRODUCT_NAME = "$(TARGET_NAME)";
				TEST_TARGET_NAME = CollectionView;
			};
			name = Debug;
		};
		93D111E31D1A572A00B6FF23 /* Release */ = {
			isa = XCBuildConfiguration;
			buildSettings = {
				INFOPLIST_FILE = CollectionViewUITests/Info.plist;
				LD_RUNPATH_SEARCH_PATHS = "$(inherited) @executable_path/Frameworks @loader_path/Frameworks";
				PRODUCT_BUNDLE_IDENTIFIER = shohei.CollectionViewUITests;
				PRODUCT_NAME = "$(TARGET_NAME)";
				TEST_TARGET_NAME = CollectionView;
			};
			name = Release;
		};
/* End XCBuildConfiguration section */

/* Begin XCConfigurationList section */
		93D111AE1D1A572A00B6FF23 /* Build configuration list for PBXProject "CollectionView" */ = {
			isa = XCConfigurationList;
			buildConfigurations = (
				93D111D91D1A572A00B6FF23 /* Debug */,
				93D111DA1D1A572A00B6FF23 /* Release */,
			);
			defaultConfigurationIsVisible = 0;
			defaultConfigurationName = Release;
		};
		93D111DB1D1A572A00B6FF23 /* Build configuration list for PBXNativeTarget "CollectionView" */ = {
			isa = XCConfigurationList;
			buildConfigurations = (
				93D111DC1D1A572A00B6FF23 /* Debug */,
				93D111DD1D1A572A00B6FF23 /* Release */,
			);
			defaultConfigurationIsVisible = 0;
			defaultConfigurationName = Release;
		};
		93D111DE1D1A572A00B6FF23 /* Build configuration list for PBXNativeTarget "CollectionViewTests" */ = {
			isa = XCConfigurationList;
			buildConfigurations = (
				93D111DF1D1A572A00B6FF23 /* Debug */,
				93D111E01D1A572A00B6FF23 /* Release */,
			);
			defaultConfigurationIsVisible = 0;
			defaultConfigurationName = Release;
		};
		93D111E11D1A572A00B6FF23 /* Build configuration list for PBXNativeTarget "CollectionViewUITests" */ = {
			isa = XCConfigurationList;
			buildConfigurations = (
				93D111E21D1A572A00B6FF23 /* Debug */,
				93D111E31D1A572A00B6FF23 /* Release */,
			);
			defaultConfigurationIsVisible = 0;
			defaultConfigurationName = Release;
		};
/* End XCConfigurationList section */
	};
	rootObject = 93D111AB1D1A572A00B6FF23 /* Project object */;
}
