// !$*UTF8*$!
{
	archiveVersion = 1;
	classes = {
	};
	objectVersion = 46;
	objects = {

/* Begin PBXBuildFile section */
		6DD46BCF1DE053DB00B69798 /* Task.swift in Sources */ = {isa = PBXBuildFile; fileRef = 6DD46BCE1DE053DB00B69798 /* Task.swift */; };
		6DD46BD11DE0543B00B69798 /* TaskViewController.swift in Sources */ = {isa = PBXBuildFile; fileRef = 6DD46BD01DE0543B00B69798 /* TaskViewController.swift */; };
		6DF1D1321DCE0F56006E4346 /* AppDelegate.swift in Sources */ = {isa = PBXBuildFile; fileRef = 6DF1D1311DCE0F56006E4346 /* AppDelegate.swift */; };
		6DF1D1341DCE0F56006E4346 /* ViewController.swift in Sources */ = {isa = PBXBuildFile; fileRef = 6DF1D1331DCE0F56006E4346 /* ViewController.swift */; };
		6DF1D1371DCE0F56006E4346 /* Main.storyboard in Resources */ = {isa = PBXBuildFile; fileRef = 6DF1D1351DCE0F56006E4346 /* Main.storyboard */; };
		6DF1D1391DCE0F56006E4346 /* Assets.xcassets in Resources */ = {isa = PBXBuildFile; fileRef = 6DF1D1381DCE0F56006E4346 /* Assets.xcassets */; };
		6DF1D13C1DCE0F56006E4346 /* LaunchScreen.storyboard in Resources */ = {isa = PBXBuildFile; fileRef = 6DF1D13A1DCE0F56006E4346 /* LaunchScreen.storyboard */; };
/* End PBXBuildFile section */

/* Begin PBXFileReference section */
		6DD46BCE1DE053DB00B69798 /* Task.swift */ = {isa = PBXFileReference; fileEncoding = 4; lastKnownFileType = sourcecode.swift; path = Task.swift; sourceTree = "<group>"; };
		6DD46BD01DE0543B00B69798 /* TaskViewController.swift */ = {isa = PBXFileReference; fileEncoding = 4; lastKnownFileType = sourcecode.swift; path = TaskViewController.swift; sourceTree = "<group>"; };
		6DF1D12E1DCE0F56006E4346 /* GCD.app */ = {isa = PBXFileReference; explicitFileType = wrapper.application; includeInIndex = 0; path = GCD.app; sourceTree = BUILT_PRODUCTS_DIR; };
		6DF1D1311DCE0F56006E4346 /* AppDelegate.swift */ = {isa = PBXFileReference; lastKnownFileType = sourcecode.swift; path = AppDelegate.swift; sourceTree = "<group>"; };
		6DF1D1331DCE0F56006E4346 /* ViewController.swift */ = {isa = PBXFileReference; lastKnownFileType = sourcecode.swift; path = ViewController.swift; sourceTree = "<group>"; };
		6DF1D1361DCE0F56006E4346 /* Base */ = {isa = PBXFileReference; lastKnownFileType = file.storyboard; name = Base; path = Base.lproj/Main.storyboard; sourceTree = "<group>"; };
		6DF1D1381DCE0F56006E4346 /* Assets.xcassets */ = {isa = PBXFileReference; lastKnownFileType = folder.assetcatalog; path = Assets.xcassets; sourceTree = "<group>"; };
		6DF1D13B1DCE0F56006E4346 /* Base */ = {isa = PBXFileReference; lastKnownFileType = file.storyboard; name = Base; path = Base.lproj/LaunchScreen.storyboard; sourceTree = "<group>"; };
		6DF1D13D1DCE0F56006E4346 /* Info.plist */ = {isa = PBXFileReference; lastKnownFileType = text.plist.xml; path = Info.plist; sourceTree = "<group>"; };
/* End PBXFileReference section */

/* Begin PBXFrameworksBuildPhase section */
		6DF1D12B1DCE0F56006E4346 /* Frameworks */ = {
			isa = PBXFrameworksBuildPhase;
			buildActionMask = 2147483647;
			files = (
			);
			runOnlyForDeploymentPostprocessing = 0;
		};
/* End PBXFrameworksBuildPhase section */

/* Begin PBXGroup section */
		6DF1D1251DCE0F56006E4346 = {
			isa = PBXGroup;
			children = (
				6DF1D1301DCE0F56006E4346 /* GCD */,
				6DF1D12F1DCE0F56006E4346 /* Products */,
			);
			sourceTree = "<group>";
		};
		6DF1D12F1DCE0F56006E4346 /* Products */ = {
			isa = PBXGroup;
			children = (
				6DF1D12E1DCE0F56006E4346 /* GCD.app */,
			);
			name = Products;
			sourceTree = "<group>";
		};
		6DF1D1301DCE0F56006E4346 /* GCD */ = {
			isa = PBXGroup;
			children = (
				6DF1D1311DCE0F56006E4346 /* AppDelegate.swift */,
				6DF1D1331DCE0F56006E4346 /* ViewController.swift */,
				6DD46BCE1DE053DB00B69798 /* Task.swift */,
				6DD46BD01DE0543B00B69798 /* TaskViewController.swift */,
				6DF1D1351DCE0F56006E4346 /* Main.storyboard */,
				6DF1D1381DCE0F56006E4346 /* Assets.xcassets */,
				6DF1D13A1DCE0F56006E4346 /* LaunchScreen.storyboard */,
				6DF1D13D1DCE0F56006E4346 /* Info.plist */,
			);
			path = GCD;
			sourceTree = "<group>";
		};
/* End PBXGroup section */

/* Begin PBXNativeTarget section */
		6DF1D12D1DCE0F56006E4346 /* GCD */ = {
			isa = PBXNativeTarget;
			buildConfigurationList = 6DF1D1401DCE0F56006E4346 /* Build configuration list for PBXNativeTarget "GCD" */;
			buildPhases = (
				6DF1D12A1DCE0F56006E4346 /* Sources */,
				6DF1D12B1DCE0F56006E4346 /* Frameworks */,
				6DF1D12C1DCE0F56006E4346 /* Resources */,
			);
			buildRules = (
			);
			dependencies = (
			);
			name = GCD;
			productName = GCD;
			productReference = 6DF1D12E1DCE0F56006E4346 /* GCD.app */;
			productType = "com.apple.product-type.application";
		};
/* End PBXNativeTarget section */

/* Begin PBXProject section */
		6DF1D1261DCE0F56006E4346 /* Project object */ = {
			isa = PBXProject;
			attributes = {
				LastSwiftUpdateCheck = 0800;
				LastUpgradeCheck = 0800;
				ORGANIZATIONNAME = Shohei;
				TargetAttributes = {
					6DF1D12D1DCE0F56006E4346 = {
						CreatedOnToolsVersion = 8.0;
						ProvisioningStyle = Automatic;
					};
				};
			};
			buildConfigurationList = 6DF1D1291DCE0F56006E4346 /* Build configuration list for PBXProject "GCD" */;
			compatibilityVersion = "Xcode 3.2";
			developmentRegion = English;
			hasScannedForEncodings = 0;
			knownRegions = (
				en,
				Base,
			);
			mainGroup = 6DF1D1251DCE0F56006E4346;
			productRefGroup = 6DF1D12F1DCE0F56006E4346 /* Products */;
			projectDirPath = "";
			projectRoot = "";
			targets = (
				6DF1D12D1DCE0F56006E4346 /* GCD */,
			);
		};
/* End PBXProject section */

/* Begin PBXResourcesBuildPhase section */
		6DF1D12C1DCE0F56006E4346 /* Resources */ = {
			isa = PBXResourcesBuildPhase;
			buildActionMask = 2147483647;
			files = (
				6DF1D13C1DCE0F56006E4346 /* LaunchScreen.storyboard in Resources */,
				6DF1D1391DCE0F56006E4346 /* Assets.xcassets in Resources */,
				6DF1D1371DCE0F56006E4346 /* Main.storyboard in Resources */,
			);
			runOnlyForDeploymentPostprocessing = 0;
		};
/* End PBXResourcesBuildPhase section */

/* Begin PBXSourcesBuildPhase section */
		6DF1D12A1DCE0F56006E4346 /* Sources */ = {
			isa = PBXSourcesBuildPhase;
			buildActionMask = 2147483647;
			files = (
				6DF1D1341DCE0F56006E4346 /* ViewController.swift in Sources */,
				6DD46BD11DE0543B00B69798 /* TaskViewController.swift in Sources */,
				6DD46BCF1DE053DB00B69798 /* Task.swift in Sources */,
				6DF1D1321DCE0F56006E4346 /* AppDelegate.swift in Sources */,
			);
			runOnlyForDeploymentPostprocessing = 0;
		};
/* End PBXSourcesBuildPhase section */

/* Begin PBXVariantGroup section */
		6DF1D1351DCE0F56006E4346 /* Main.storyboard */ = {
			isa = PBXVariantGroup;
			children = (
				6DF1D1361DCE0F56006E4346 /* Base */,
			);
			name = Main.storyboard;
			sourceTree = "<group>";
		};
		6DF1D13A1DCE0F56006E4346 /* LaunchScreen.storyboard */ = {
			isa = PBXVariantGroup;
			children = (
				6DF1D13B1DCE0F56006E4346 /* Base */,
			);
			name = LaunchScreen.storyboard;
			sourceTree = "<group>";
		};
/* End PBXVariantGroup section */

/* Begin XCBuildConfiguration section */
		6DF1D13E1DCE0F56006E4346 /* Debug */ = {
			isa = XCBuildConfiguration;
			buildSettings = {
				ALWAYS_SEARCH_USER_PATHS = NO;
				CLANG_ANALYZER_NONNULL = YES;
				CLANG_CXX_LANGUAGE_STANDARD = "gnu++0x";
				CLANG_CXX_LIBRARY = "libc++";
				CLANG_ENABLE_MODULES = YES;
				CLANG_ENABLE_OBJC_ARC = YES;
				CLANG_WARN_BOOL_CONVERSION = YES;
				CLANG_WARN_CONSTANT_CONVERSION = YES;
				CLANG_WARN_DIRECT_OBJC_ISA_USAGE = YES_ERROR;
				CLANG_WARN_DOCUMENTATION_COMMENTS = YES;
				CLANG_WARN_EMPTY_BODY = YES;
				CLANG_WARN_ENUM_CONVERSION = YES;
				CLANG_WARN_INFINITE_RECURSION = YES;
				CLANG_WARN_INT_CONVERSION = YES;
				CLANG_WARN_OBJC_ROOT_CLASS = YES_ERROR;
				CLANG_WARN_SUSPICIOUS_MOVES = YES;
				CLANG_WARN_UNREACHABLE_CODE = YES;
				CLANG_WARN__DUPLICATE_METHOD_MATCH = YES;
				"CODE_SIGN_IDENTITY[sdk=iphoneos*]" = "iPhone Developer";
				COPY_PHASE_STRIP = NO;
				DEBUG_INFORMATION_FORMAT = dwarf;
				ENABLE_STRICT_OBJC_MSGSEND = YES;
				ENABLE_TESTABILITY = YES;
				GCC_C_LANGUAGE_STANDARD = gnu99;
				GCC_DYNAMIC_NO_PIC = NO;
				GCC_NO_COMMON_BLOCKS = YES;
				GCC_OPTIMIZATION_LEVEL = 0;
				GCC_PREPROCESSOR_DEFINITIONS = (
					"DEBUG=1",
					"$(inherited)",
				);
				GCC_WARN_64_TO_32_BIT_CONVERSION = YES;
				GCC_WARN_ABOUT_RETURN_TYPE = YES_ERROR;
				GCC_WARN_UNDECLARED_SELECTOR = YES;
				GCC_WARN_UNINITIALIZED_AUTOS = YES_AGGRESSIVE;
				GCC_WARN_UNUSED_FUNCTION = YES;
				GCC_WARN_UNUSED_VARIABLE = YES;
				IPHONEOS_DEPLOYMENT_TARGET = 10.0;
				MTL_ENABLE_DEBUG_INFO = YES;
				ONLY_ACTIVE_ARCH = YES;
				SDKROOT = iphoneos;
				SWIFT_ACTIVE_COMPILATION_CONDITIONS = DEBUG;
				SWIFT_OPTIMIZATION_LEVEL = "-Onone";
			};
			name = Debug;
		};
		6DF1D13F1DCE0F56006E4346 /* Release */ = {
			isa = XCBuildConfiguration;
			buildSettings = {
				ALWAYS_SEARCH_USER_PATHS = NO;
				CLANG_ANALYZER_NONNULL = YES;
				CLANG_CXX_LANGUAGE_STANDARD = "gnu++0x";
				CLANG_CXX_LIBRARY = "libc++";
				CLANG_ENABLE_MODULES = YES;
				CLANG_ENABLE_OBJC_ARC = YES;
				CLANG_WARN_BOOL_CONVERSION = YES;
				CLANG_WARN_CONSTANT_CONVERSION = YES;
				CLANG_WARN_DIRECT_OBJC_ISA_USAGE = YES_ERROR;
				CLANG_WARN_DOCUMENTATION_COMMENTS = YES;
				CLANG_WARN_EMPTY_BODY = YES;
				CLANG_WARN_ENUM_CONVERSION = YES;
				CLANG_WARN_INFINITE_RECURSION = YES;
				CLANG_WARN_INT_CONVERSION = YES;
				CLANG_WARN_OBJC_ROOT_CLASS = YES_ERROR;
				CLANG_WARN_SUSPICIOUS_MOVES = YES;
				CLANG_WARN_UNREACHABLE_CODE = YES;
				CLANG_WARN__DUPLICATE_METHOD_MATCH = YES;
				"CODE_SIGN_IDENTITY[sdk=iphoneos*]" = "iPhone Developer";
				COPY_PHASE_STRIP = NO;
				DEBUG_INFORMATION_FORMAT = "dwarf-with-dsym";
				ENABLE_NS_ASSERTIONS = NO;
				ENABLE_STRICT_OBJC_MSGSEND = YES;
				GCC_C_LANGUAGE_STANDARD = gnu99;
				GCC_NO_COMMON_BLOCKS = YES;
				GCC_WARN_64_TO_32_BIT_CONVERSION = YES;
				GCC_WARN_ABOUT_RETURN_TYPE = YES_ERROR;
				GCC_WARN_UNDECLARED_SELECTOR = YES;
				GCC_WARN_UNINITIALIZED_AUTOS = YES_AGGRESSIVE;
				GCC_WARN_UNUSED_FUNCTION = YES;
				GCC_WARN_UNUSED_VARIABLE = YES;
				IPHONEOS_DEPLOYMENT_TARGET = 10.0;
				MTL_ENABLE_DEBUG_INFO = NO;
				SDKROOT = iphoneos;
				SWIFT_OPTIMIZATION_LEVEL = "-Owholemodule";
				VALIDATE_PRODUCT = YES;
			};
			name = Release;
		};
		6DF1D1411DCE0F56006E4346 /* Debug */ = {
			isa = XCBuildConfiguration;
			buildSettings = {
				ASSETCATALOG_COMPILER_APPICON_NAME = AppIcon;
				INFOPLIST_FILE = GCD/Info.plist;
				LD_RUNPATH_SEARCH_PATHS = "$(inherited) @executable_path/Frameworks";
				PRODUCT_BUNDLE_IDENTIFIER = com.Shohei.GCD;
				PRODUCT_NAME = "$(TARGET_NAME)";
				SWIFT_VERSION = 3.0;
			};
			name = Debug;
		};
		6DF1D1421DCE0F56006E4346 /* Release */ = {
			isa = XCBuildConfiguration;
			buildSettings = {
				ASSETCATALOG_COMPILER_APPICON_NAME = AppIcon;
				INFOPLIST_FILE = GCD/Info.plist;
				LD_RUNPATH_SEARCH_PATHS = "$(inherited) @executable_path/Frameworks";
				PRODUCT_BUNDLE_IDENTIFIER = com.Shohei.GCD;
				PRODUCT_NAME = "$(TARGET_NAME)";
				SWIFT_VERSION = 3.0;
			};
			name = Release;
		};
/* End XCBuildConfiguration section */

/* Begin XCConfigurationList section */
		6DF1D1291DCE0F56006E4346 /* Build configuration list for PBXProject "GCD" */ = {
			isa = XCConfigurationList;
			buildConfigurations = (
				6DF1D13E1DCE0F56006E4346 /* Debug */,
				6DF1D13F1DCE0F56006E4346 /* Release */,
			);
			defaultConfigurationIsVisible = 0;
			defaultConfigurationName = Release;
		};
		6DF1D1401DCE0F56006E4346 /* Build configuration list for PBXNativeTarget "GCD" */ = {
			isa = XCConfigurationList;
			buildConfigurations = (
				6DF1D1411DCE0F56006E4346 /* Debug */,
				6DF1D1421DCE0F56006E4346 /* Release */,
			);
			defaultConfigurationIsVisible = 0;
			defaultConfigurationName = Release;
		};
/* End XCConfigurationList section */
	};
	rootObject = 6DF1D1261DCE0F56006E4346 /* Project object */;
}
