// !$*UTF8*$!
{
	archiveVersion = 1;
	classes = {
	};
	objectVersion = 46;
	objects = {

/* Begin PBXBuildFile section */
		6DD46BDF1DE5719600B69798 /* AppDelegate.swift in Sources */ = {isa = PBXBuildFile; fileRef = 6DD46BDE1DE5719600B69798 /* AppDelegate.swift */; };
		6DD46BE11DE5719600B69798 /* ViewController.swift in Sources */ = {isa = PBXBuildFile; fileRef = 6DD46BE01DE5719600B69798 /* ViewController.swift */; };
		6DD46BE41DE5719600B69798 /* Main.storyboard in Resources */ = {isa = PBXBuildFile; fileRef = 6DD46BE21DE5719600B69798 /* Main.storyboard */; };
		6DD46BE61DE5719600B69798 /* Assets.xcassets in Resources */ = {isa = PBXBuildFile; fileRef = 6DD46BE51DE5719600B69798 /* Assets.xcassets */; };
		6DD46BE91DE5719600B69798 /* LaunchScreen.storyboard in Resources */ = {isa = PBXBuildFile; fileRef = 6DD46BE71DE5719600B69798 /* LaunchScreen.storyboard */; };
/* End PBXBuildFile section */

/* Begin PBXFileReference section */
		6DD46BDB1DE5719600B69798 /* BezierPath.app */ = {isa = PBXFileReference; explicitFileType = wrapper.application; includeInIndex = 0; path = BezierPath.app; sourceTree = BUILT_PRODUCTS_DIR; };
		6DD46BDE1DE5719600B69798 /* AppDelegate.swift */ = {isa = PBXFileReference; lastKnownFileType = sourcecode.swift; path = AppDelegate.swift; sourceTree = "<group>"; };
		6DD46BE01DE5719600B69798 /* ViewController.swift */ = {isa = PBXFileReference; lastKnownFileType = sourcecode.swift; path = ViewController.swift; sourceTree = "<group>"; };
		6DD46BE31DE5719600B69798 /* Base */ = {isa = PBXFileReference; lastKnownFileType = file.storyboard; name = Base; path = Base.lproj/Main.storyboard; sourceTree = "<group>"; };
		6DD46BE51DE5719600B69798 /* Assets.xcassets */ = {isa = PBXFileReference; lastKnownFileType = folder.assetcatalog; path = Assets.xcassets; sourceTree = "<group>"; };
		6DD46BE81DE5719600B69798 /* Base */ = {isa = PBXFileReference; lastKnownFileType = file.storyboard; name = Base; path = Base.lproj/LaunchScreen.storyboard; sourceTree = "<group>"; };
		6DD46BEA1DE5719600B69798 /* Info.plist */ = {isa = PBXFileReference; lastKnownFileType = text.plist.xml; path = Info.plist; sourceTree = "<group>"; };
/* End PBXFileReference section */

/* Begin PBXFrameworksBuildPhase section */
		6DD46BD81DE5719600B69798 /* Frameworks */ = {
			isa = PBXFrameworksBuildPhase;
			buildActionMask = 2147483647;
			files = (
			);
			runOnlyForDeploymentPostprocessing = 0;
		};
/* End PBXFrameworksBuildPhase section */

/* Begin PBXGroup section */
		6DD46BD21DE5719600B69798 = {
			isa = PBXGroup;
			children = (
				6DD46BDD1DE5719600B69798 /* BezierPath */,
				6DD46BDC1DE5719600B69798 /* Products */,
			);
			sourceTree = "<group>";
		};
		6DD46BDC1DE5719600B69798 /* Products */ = {
			isa = PBXGroup;
			children = (
				6DD46BDB1DE5719600B69798 /* BezierPath.app */,
			);
			name = Products;
			sourceTree = "<group>";
		};
		6DD46BDD1DE5719600B69798 /* BezierPath */ = {
			isa = PBXGroup;
			children = (
				6DD46BDE1DE5719600B69798 /* AppDelegate.swift */,
				6DD46BE01DE5719600B69798 /* ViewController.swift */,
				6DD46BE21DE5719600B69798 /* Main.storyboard */,
				6DD46BE51DE5719600B69798 /* Assets.xcassets */,
				6DD46BE71DE5719600B69798 /* LaunchScreen.storyboard */,
				6DD46BEA1DE5719600B69798 /* Info.plist */,
			);
			path = BezierPath;
			sourceTree = "<group>";
		};
/* End PBXGroup section */

/* Begin PBXNativeTarget section */
		6DD46BDA1DE5719600B69798 /* BezierPath */ = {
			isa = PBXNativeTarget;
			buildConfigurationList = 6DD46BED1DE5719600B69798 /* Build configuration list for PBXNativeTarget "BezierPath" */;
			buildPhases = (
				6DD46BD71DE5719600B69798 /* Sources */,
				6DD46BD81DE5719600B69798 /* Frameworks */,
				6DD46BD91DE5719600B69798 /* Resources */,
			);
			buildRules = (
			);
			dependencies = (
			);
			name = BezierPath;
			productName = BezierPath;
			productReference = 6DD46BDB1DE5719600B69798 /* BezierPath.app */;
			productType = "com.apple.product-type.application";
		};
/* End PBXNativeTarget section */

/* Begin PBXProject section */
		6DD46BD31DE5719600B69798 /* Project object */ = {
			isa = PBXProject;
			attributes = {
				LastSwiftUpdateCheck = 0800;
				LastUpgradeCheck = 0800;
				ORGANIZATIONNAME = Shohei;
				TargetAttributes = {
					6DD46BDA1DE5719600B69798 = {
						CreatedOnToolsVersion = 8.0;
						ProvisioningStyle = Automatic;
					};
				};
			};
			buildConfigurationList = 6DD46BD61DE5719600B69798 /* Build configuration list for PBXProject "BezierPath" */;
			compatibilityVersion = "Xcode 3.2";
			developmentRegion = English;
			hasScannedForEncodings = 0;
			knownRegions = (
				en,
				Base,
			);
			mainGroup = 6DD46BD21DE5719600B69798;
			productRefGroup = 6DD46BDC1DE5719600B69798 /* Products */;
			projectDirPath = "";
			projectRoot = "";
			targets = (
				6DD46BDA1DE5719600B69798 /* BezierPath */,
			);
		};
/* End PBXProject section */

/* Begin PBXResourcesBuildPhase section */
		6DD46BD91DE5719600B69798 /* Resources */ = {
			isa = PBXResourcesBuildPhase;
			buildActionMask = 2147483647;
			files = (
				6DD46BE91DE5719600B69798 /* LaunchScreen.storyboard in Resources */,
				6DD46BE61DE5719600B69798 /* Assets.xcassets in Resources */,
				6DD46BE41DE5719600B69798 /* Main.storyboard in Resources */,
			);
			runOnlyForDeploymentPostprocessing = 0;
		};
/* End PBXResourcesBuildPhase section */

/* Begin PBXSourcesBuildPhase section */
		6DD46BD71DE5719600B69798 /* Sources */ = {
			isa = PBXSourcesBuildPhase;
			buildActionMask = 2147483647;
			files = (
				6DD46BE11DE5719600B69798 /* ViewController.swift in Sources */,
				6DD46BDF1DE5719600B69798 /* AppDelegate.swift in Sources */,
			);
			runOnlyForDeploymentPostprocessing = 0;
		};
/* End PBXSourcesBuildPhase section */

/* Begin PBXVariantGroup section */
		6DD46BE21DE5719600B69798 /* Main.storyboard */ = {
			isa = PBXVariantGroup;
			children = (
				6DD46BE31DE5719600B69798 /* Base */,
			);
			name = Main.storyboard;
			sourceTree = "<group>";
		};
		6DD46BE71DE5719600B69798 /* LaunchScreen.storyboard */ = {
			isa = PBXVariantGroup;
			children = (
				6DD46BE81DE5719600B69798 /* Base */,
			);
			name = LaunchScreen.storyboard;
			sourceTree = "<group>";
		};
/* End PBXVariantGroup section */

/* Begin XCBuildConfiguration section */
		6DD46BEB1DE5719600B69798 /* Debug */ = {
			isa = XCBuildConfiguration;
			buildSettings = {
				ALWAYS_SEARCH_USER_PATHS = NO;
				CLANG_ANALYZER_NONNULL = YES;
				CLANG_CXX_LANGUAGE_STANDARD = "gnu++0x";
				CLANG_CXX_LIBRARY = "libc++";
				CLANG_ENABLE_MODULES = YES;
				CLANG_ENABLE_OBJC_ARC = YES;
				CLANG_WARN_BOOL_CONVERSION = YES;
				CLANG_WARN_CONSTANT_CONVERSION = YES;
				CLANG_WARN_DIRECT_OBJC_ISA_USAGE = YES_ERROR;
				CLANG_WARN_DOCUMENTATION_COMMENTS = YES;
				CLANG_WARN_EMPTY_BODY = YES;
				CLANG_WARN_ENUM_CONVERSION = YES;
				CLANG_WARN_INFINITE_RECURSION = YES;
				CLANG_WARN_INT_CONVERSION = YES;
				CLANG_WARN_OBJC_ROOT_CLASS = YES_ERROR;
				CLANG_WARN_SUSPICIOUS_MOVES = YES;
				CLANG_WARN_UNREACHABLE_CODE = YES;
				CLANG_WARN__DUPLICATE_METHOD_MATCH = YES;
				"CODE_SIGN_IDENTITY[sdk=iphoneos*]" = "iPhone Developer";
				COPY_PHASE_STRIP = NO;
				DEBUG_INFORMATION_FORMAT = dwarf;
				ENABLE_STRICT_OBJC_MSGSEND = YES;
				ENABLE_TESTABILITY = YES;
				GCC_C_LANGUAGE_STANDARD = gnu99;
				GCC_DYNAMIC_NO_PIC = NO;
				GCC_NO_COMMON_BLOCKS = YES;
				GCC_OPTIMIZATION_LEVEL = 0;
				GCC_PREPROCESSOR_DEFINITIONS = (
					"DEBUG=1",
					"$(inherited)",
				);
				GCC_WARN_64_TO_32_BIT_CONVERSION = YES;
				GCC_WARN_ABOUT_RETURN_TYPE = YES_ERROR;
				GCC_WARN_UNDECLARED_SELECTOR = YES;
				GCC_WARN_UNINITIALIZED_AUTOS = YES_AGGRESSIVE;
				GCC_WARN_UNUSED_FUNCTION = YES;
				GCC_WARN_UNUSED_VARIABLE = YES;
				IPHONEOS_DEPLOYMENT_TARGET = 10.0;
				MTL_ENABLE_DEBUG_INFO = YES;
				ONLY_ACTIVE_ARCH = YES;
				SDKROOT = iphoneos;
				SWIFT_ACTIVE_COMPILATION_CONDITIONS = DEBUG;
				SWIFT_OPTIMIZATION_LEVEL = "-Onone";
			};
			name = Debug;
		};
		6DD46BEC1DE5719600B69798 /* Release */ = {
			isa = XCBuildConfiguration;
			buildSettings = {
				ALWAYS_SEARCH_USER_PATHS = NO;
				CLANG_ANALYZER_NONNULL = YES;
				CLANG_CXX_LANGUAGE_STANDARD = "gnu++0x";
				CLANG_CXX_LIBRARY = "libc++";
				CLANG_ENABLE_MODULES = YES;
				CLANG_ENABLE_OBJC_ARC = YES;
				CLANG_WARN_BOOL_CONVERSION = YES;
				CLANG_WARN_CONSTANT_CONVERSION = YES;
				CLANG_WARN_DIRECT_OBJC_ISA_USAGE = YES_ERROR;
				CLANG_WARN_DOCUMENTATION_COMMENTS = YES;
				CLANG_WARN_EMPTY_BODY = YES;
				CLANG_WARN_ENUM_CONVERSION = YES;
				CLANG_WARN_INFINITE_RECURSION = YES;
				CLANG_WARN_INT_CONVERSION = YES;
				CLANG_WARN_OBJC_ROOT_CLASS = YES_ERROR;
				CLANG_WARN_SUSPICIOUS_MOVES = YES;
				CLANG_WARN_UNREACHABLE_CODE = YES;
				CLANG_WARN__DUPLICATE_METHOD_MATCH = YES;
				"CODE_SIGN_IDENTITY[sdk=iphoneos*]" = "iPhone Developer";
				COPY_PHASE_STRIP = NO;
				DEBUG_INFORMATION_FORMAT = "dwarf-with-dsym";
				ENABLE_NS_ASSERTIONS = NO;
				ENABLE_STRICT_OBJC_MSGSEND = YES;
				GCC_C_LANGUAGE_STANDARD = gnu99;
				GCC_NO_COMMON_BLOCKS = YES;
				GCC_WARN_64_TO_32_BIT_CONVERSION = YES;
				GCC_WARN_ABOUT_RETURN_TYPE = YES_ERROR;
				GCC_WARN_UNDECLARED_SELECTOR = YES;
				GCC_WARN_UNINITIALIZED_AUTOS = YES_AGGRESSIVE;
				GCC_WARN_UNUSED_FUNCTION = YES;
				GCC_WARN_UNUSED_VARIABLE = YES;
				IPHONEOS_DEPLOYMENT_TARGET = 10.0;
				MTL_ENABLE_DEBUG_INFO = NO;
				SDKROOT = iphoneos;
				SWIFT_OPTIMIZATION_LEVEL = "-Owholemodule";
				VALIDATE_PRODUCT = YES;
			};
			name = Release;
		};
		6DD46BEE1DE5719600B69798 /* Debug */ = {
			isa = XCBuildConfiguration;
			buildSettings = {
				ASSETCATALOG_COMPILER_APPICON_NAME = AppIcon;
				INFOPLIST_FILE = BezierPath/Info.plist;
				LD_RUNPATH_SEARCH_PATHS = "$(inherited) @executable_path/Frameworks";
				PRODUCT_BUNDLE_IDENTIFIER = com.Shohei.BezierPath;
				PRODUCT_NAME = "$(TARGET_NAME)";
				SWIFT_VERSION = 3.0;
			};
			name = Debug;
		};
		6DD46BEF1DE5719600B69798 /* Release */ = {
			isa = XCBuildConfiguration;
			buildSettings = {
				ASSETCATALOG_COMPILER_APPICON_NAME = AppIcon;
				INFOPLIST_FILE = BezierPath/Info.plist;
				LD_RUNPATH_SEARCH_PATHS = "$(inherited) @executable_path/Frameworks";
				PRODUCT_BUNDLE_IDENTIFIER = com.Shohei.BezierPath;
				PRODUCT_NAME = "$(TARGET_NAME)";
				SWIFT_VERSION = 3.0;
			};
			name = Release;
		};
/* End XCBuildConfiguration section */

/* Begin XCConfigurationList section */
		6DD46BD61DE5719600B69798 /* Build configuration list for PBXProject "BezierPath" */ = {
			isa = XCConfigurationList;
			buildConfigurations = (
				6DD46BEB1DE5719600B69798 /* Debug */,
				6DD46BEC1DE5719600B69798 /* Release */,
			);
			defaultConfigurationIsVisible = 0;
			defaultConfigurationName = Release;
		};
		6DD46BED1DE5719600B69798 /* Build configuration list for PBXNativeTarget "BezierPath" */ = {
			isa = XCConfigurationList;
			buildConfigurations = (
				6DD46BEE1DE5719600B69798 /* Debug */,
				6DD46BEF1DE5719600B69798 /* Release */,
			);
			defaultConfigurationIsVisible = 0;
		};
/* End XCConfigurationList section */
	};
	rootObject = 6DD46BD31DE5719600B69798 /* Project object */;
}
