// !$*UTF8*$!
{
	archiveVersion = 1;
	classes = {
	};
	objectVersion = 46;
	objects = {

/* Begin PBXBuildFile section */
		E064DFAA1EC2FC7300F5CC48 /* AppDelegate.swift in Sources */ = {isa = PBXBuildFile; fileRef = E064DFA91EC2FC7300F5CC48 /* AppDelegate.swift */; };
		E064DFAC1EC2FC7300F5CC48 /* ViewController.swift in Sources */ = {isa = PBXBuildFile; fileRef = E064DFAB1EC2FC7300F5CC48 /* ViewController.swift */; };
		E064DFAF1EC2FC7300F5CC48 /* Main.storyboard in Resources */ = {isa = PBXBuildFile; fileRef = E064DFAD1EC2FC7300F5CC48 /* Main.storyboard */; };
		E064DFB11EC2FC7300F5CC48 /* Assets.xcassets in Resources */ = {isa = PBXBuildFile; fileRef = E064DFB01EC2FC7300F5CC48 /* Assets.xcassets */; };
		E064DFB41EC2FC7300F5CC48 /* LaunchScreen.storyboard in Resources */ = {isa = PBXBuildFile; fileRef = E064DFB21EC2FC7300F5CC48 /* LaunchScreen.storyboard */; };
		E064DFBF1EC2FC7300F5CC48 /* LocalPhotoViewerTests.swift in Sources */ = {isa = PBXBuildFile; fileRef = E064DFBE1EC2FC7300F5CC48 /* LocalPhotoViewerTests.swift */; };
		E064DFCA1EC2FC7300F5CC48 /* LocalPhotoViewerUITests.swift in Sources */ = {isa = PBXBuildFile; fileRef = E064DFC91EC2FC7300F5CC48 /* LocalPhotoViewerUITests.swift */; };
		E064DFD91EC3000100F5CC48 /* ImageCollectionViewCell.swift in Sources */ = {isa = PBXBuildFile; fileRef = E064DFD71EC3000100F5CC48 /* ImageCollectionViewCell.swift */; };
		E064DFDA1EC3000100F5CC48 /* ImageCollectionViewCell.xib in Resources */ = {isa = PBXBuildFile; fileRef = E064DFD81EC3000100F5CC48 /* ImageCollectionViewCell.xib */; };
/* End PBXBuildFile section */

/* Begin PBXContainerItemProxy section */
		E064DFBB1EC2FC7300F5CC48 /* PBXContainerItemProxy */ = {
			isa = PBXContainerItemProxy;
			containerPortal = E064DF9E1EC2FC7200F5CC48 /* Project object */;
			proxyType = 1;
			remoteGlobalIDString = E064DFA51EC2FC7300F5CC48;
			remoteInfo = LocalPhotoViewer;
		};
		E064DFC61EC2FC7300F5CC48 /* PBXContainerItemProxy */ = {
			isa = PBXContainerItemProxy;
			containerPortal = E064DF9E1EC2FC7200F5CC48 /* Project object */;
			proxyType = 1;
			remoteGlobalIDString = E064DFA51EC2FC7300F5CC48;
			remoteInfo = LocalPhotoViewer;
		};
/* End PBXContainerItemProxy section */

/* Begin PBXFileReference section */
		E064DFA61EC2FC7300F5CC48 /* LocalPhotoViewer.app */ = {isa = PBXFileReference; explicitFileType = wrapper.application; includeInIndex = 0; path = LocalPhotoViewer.app; sourceTree = BUILT_PRODUCTS_DIR; };
		E064DFA91EC2FC7300F5CC48 /* AppDelegate.swift */ = {isa = PBXFileReference; lastKnownFileType = sourcecode.swift; path = AppDelegate.swift; sourceTree = "<group>"; };
		E064DFAB1EC2FC7300F5CC48 /* ViewController.swift */ = {isa = PBXFileReference; lastKnownFileType = sourcecode.swift; path = ViewController.swift; sourceTree = "<group>"; };
		E064DFAE1EC2FC7300F5CC48 /* Base */ = {isa = PBXFileReference; lastKnownFileType = file.storyboard; name = Base; path = Base.lproj/Main.storyboard; sourceTree = "<group>"; };
		E064DFB01EC2FC7300F5CC48 /* Assets.xcassets */ = {isa = PBXFileReference; lastKnownFileType = folder.assetcatalog; path = Assets.xcassets; sourceTree = "<group>"; };
		E064DFB31EC2FC7300F5CC48 /* Base */ = {isa = PBXFileReference; lastKnownFileType = file.storyboard; name = Base; path = Base.lproj/LaunchScreen.storyboard; sourceTree = "<group>"; };
		E064DFB51EC2FC7300F5CC48 /* Info.plist */ = {isa = PBXFileReference; lastKnownFileType = text.plist.xml; path = Info.plist; sourceTree = "<group>"; };
		E064DFBA1EC2FC7300F5CC48 /* LocalPhotoViewerTests.xctest */ = {isa = PBXFileReference; explicitFileType = wrapper.cfbundle; includeInIndex = 0; path = LocalPhotoViewerTests.xctest; sourceTree = BUILT_PRODUCTS_DIR; };
		E064DFBE1EC2FC7300F5CC48 /* LocalPhotoViewerTests.swift */ = {isa = PBXFileReference; lastKnownFileType = sourcecode.swift; path = LocalPhotoViewerTests.swift; sourceTree = "<group>"; };
		E064DFC01EC2FC7300F5CC48 /* Info.plist */ = {isa = PBXFileReference; lastKnownFileType = text.plist.xml; path = Info.plist; sourceTree = "<group>"; };
		E064DFC51EC2FC7300F5CC48 /* LocalPhotoViewerUITests.xctest */ = {isa = PBXFileReference; explicitFileType = wrapper.cfbundle; includeInIndex = 0; path = LocalPhotoViewerUITests.xctest; sourceTree = BUILT_PRODUCTS_DIR; };
		E064DFC91EC2FC7300F5CC48 /* LocalPhotoViewerUITests.swift */ = {isa = PBXFileReference; lastKnownFileType = sourcecode.swift; path = LocalPhotoViewerUITests.swift; sourceTree = "<group>"; };
		E064DFCB1EC2FC7300F5CC48 /* Info.plist */ = {isa = PBXFileReference; lastKnownFileType = text.plist.xml; path = Info.plist; sourceTree = "<group>"; };
		E064DFD71EC3000100F5CC48 /* ImageCollectionViewCell.swift */ = {isa = PBXFileReference; fileEncoding = 4; lastKnownFileType = sourcecode.swift; path = ImageCollectionViewCell.swift; sourceTree = "<group>"; };
		E064DFD81EC3000100F5CC48 /* ImageCollectionViewCell.xib */ = {isa = PBXFileReference; fileEncoding = 4; lastKnownFileType = file.xib; path = ImageCollectionViewCell.xib; sourceTree = "<group>"; };
/* End PBXFileReference section */

/* Begin PBXFrameworksBuildPhase section */
		E064DFA31EC2FC7300F5CC48 /* Frameworks */ = {
			isa = PBXFrameworksBuildPhase;
			buildActionMask = 2147483647;
			files = (
			);
			runOnlyForDeploymentPostprocessing = 0;
		};
		E064DFB71EC2FC7300F5CC48 /* Frameworks */ = {
			isa = PBXFrameworksBuildPhase;
			buildActionMask = 2147483647;
			files = (
			);
			runOnlyForDeploymentPostprocessing = 0;
		};
		E064DFC21EC2FC7300F5CC48 /* Frameworks */ = {
			isa = PBXFrameworksBuildPhase;
			buildActionMask = 2147483647;
			files = (
			);
			runOnlyForDeploymentPostprocessing = 0;
		};
/* End PBXFrameworksBuildPhase section */

/* Begin PBXGroup section */
		E064DF9D1EC2FC7200F5CC48 = {
			isa = PBXGroup;
			children = (
				E064DFA81EC2FC7300F5CC48 /* LocalPhotoViewer */,
				E064DFBD1EC2FC7300F5CC48 /* LocalPhotoViewerTests */,
				E064DFC81EC2FC7300F5CC48 /* LocalPhotoViewerUITests */,
				E064DFA71EC2FC7300F5CC48 /* Products */,
			);
			sourceTree = "<group>";
		};
		E064DFA71EC2FC7300F5CC48 /* Products */ = {
			isa = PBXGroup;
			children = (
				E064DFA61EC2FC7300F5CC48 /* LocalPhotoViewer.app */,
				E064DFBA1EC2FC7300F5CC48 /* LocalPhotoViewerTests.xctest */,
				E064DFC51EC2FC7300F5CC48 /* LocalPhotoViewerUITests.xctest */,
			);
			name = Products;
			sourceTree = "<group>";
		};
		E064DFA81EC2FC7300F5CC48 /* LocalPhotoViewer */ = {
			isa = PBXGroup;
			children = (
				E064DFA91EC2FC7300F5CC48 /* AppDelegate.swift */,
				E064DFAB1EC2FC7300F5CC48 /* ViewController.swift */,
				E064DFD71EC3000100F5CC48 /* ImageCollectionViewCell.swift */,
				E064DFD81EC3000100F5CC48 /* ImageCollectionViewCell.xib */,
				E064DFAD1EC2FC7300F5CC48 /* Main.storyboard */,
				E064DFB01EC2FC7300F5CC48 /* Assets.xcassets */,
				E064DFB21EC2FC7300F5CC48 /* LaunchScreen.storyboard */,
				E064DFB51EC2FC7300F5CC48 /* Info.plist */,
			);
			path = LocalPhotoViewer;
			sourceTree = "<group>";
		};
		E064DFBD1EC2FC7300F5CC48 /* LocalPhotoViewerTests */ = {
			isa = PBXGroup;
			children = (
				E064DFBE1EC2FC7300F5CC48 /* LocalPhotoViewerTests.swift */,
				E064DFC01EC2FC7300F5CC48 /* Info.plist */,
			);
			path = LocalPhotoViewerTests;
			sourceTree = "<group>";
		};
		E064DFC81EC2FC7300F5CC48 /* LocalPhotoViewerUITests */ = {
			isa = PBXGroup;
			children = (
				E064DFC91EC2FC7300F5CC48 /* LocalPhotoViewerUITests.swift */,
				E064DFCB1EC2FC7300F5CC48 /* Info.plist */,
			);
			path = LocalPhotoViewerUITests;
			sourceTree = "<group>";
		};
/* End PBXGroup section */

/* Begin PBXNativeTarget section */
		E064DFA51EC2FC7300F5CC48 /* LocalPhotoViewer */ = {
			isa = PBXNativeTarget;
			buildConfigurationList = E064DFCE1EC2FC7300F5CC48 /* Build configuration list for PBXNativeTarget "LocalPhotoViewer" */;
			buildPhases = (
				E064DFA21EC2FC7300F5CC48 /* Sources */,
				E064DFA31EC2FC7300F5CC48 /* Frameworks */,
				E064DFA41EC2FC7300F5CC48 /* Resources */,
			);
			buildRules = (
			);
			dependencies = (
			);
			name = LocalPhotoViewer;
			productName = LocalPhotoViewer;
			productReference = E064DFA61EC2FC7300F5CC48 /* LocalPhotoViewer.app */;
			productType = "com.apple.product-type.application";
		};
		E064DFB91EC2FC7300F5CC48 /* LocalPhotoViewerTests */ = {
			isa = PBXNativeTarget;
			buildConfigurationList = E064DFD11EC2FC7300F5CC48 /* Build configuration list for PBXNativeTarget "LocalPhotoViewerTests" */;
			buildPhases = (
				E064DFB61EC2FC7300F5CC48 /* Sources */,
				E064DFB71EC2FC7300F5CC48 /* Frameworks */,
				E064DFB81EC2FC7300F5CC48 /* Resources */,
			);
			buildRules = (
			);
			dependencies = (
				E064DFBC1EC2FC7300F5CC48 /* PBXTargetDependency */,
			);
			name = LocalPhotoViewerTests;
			productName = LocalPhotoViewerTests;
			productReference = E064DFBA1EC2FC7300F5CC48 /* LocalPhotoViewerTests.xctest */;
			productType = "com.apple.product-type.bundle.unit-test";
		};
		E064DFC41EC2FC7300F5CC48 /* LocalPhotoViewerUITests */ = {
			isa = PBXNativeTarget;
			buildConfigurationList = E064DFD41EC2FC7300F5CC48 /* Build configuration list for PBXNativeTarget "LocalPhotoViewerUITests" */;
			buildPhases = (
				E064DFC11EC2FC7300F5CC48 /* Sources */,
				E064DFC21EC2FC7300F5CC48 /* Frameworks */,
				E064DFC31EC2FC7300F5CC48 /* Resources */,
			);
			buildRules = (
			);
			dependencies = (
				E064DFC71EC2FC7300F5CC48 /* PBXTargetDependency */,
			);
			name = LocalPhotoViewerUITests;
			productName = LocalPhotoViewerUITests;
			productReference = E064DFC51EC2FC7300F5CC48 /* LocalPhotoViewerUITests.xctest */;
			productType = "com.apple.product-type.bundle.ui-testing";
		};
/* End PBXNativeTarget section */

/* Begin PBXProject section */
		E064DF9E1EC2FC7200F5CC48 /* Project object */ = {
			isa = PBXProject;
			attributes = {
				LastSwiftUpdateCheck = 0830;
				LastUpgradeCheck = 0830;
				ORGANIZATIONNAME = "Shohei Yokoyama";
				TargetAttributes = {
					E064DFA51EC2FC7300F5CC48 = {
						CreatedOnToolsVersion = 8.3.2;
						DevelopmentTeam = 3KU3GWQLG8;
						ProvisioningStyle = Automatic;
					};
					E064DFB91EC2FC7300F5CC48 = {
						CreatedOnToolsVersion = 8.3.2;
						ProvisioningStyle = Automatic;
						TestTargetID = E064DFA51EC2FC7300F5CC48;
					};
					E064DFC41EC2FC7300F5CC48 = {
						CreatedOnToolsVersion = 8.3.2;
						ProvisioningStyle = Automatic;
						TestTargetID = E064DFA51EC2FC7300F5CC48;
					};
				};
			};
			buildConfigurationList = E064DFA11EC2FC7200F5CC48 /* Build configuration list for PBXProject "LocalPhotoViewer" */;
			compatibilityVersion = "Xcode 3.2";
			developmentRegion = English;
			hasScannedForEncodings = 0;
			knownRegions = (
				en,
				Base,
			);
			mainGroup = E064DF9D1EC2FC7200F5CC48;
			productRefGroup = E064DFA71EC2FC7300F5CC48 /* Products */;
			projectDirPath = "";
			projectRoot = "";
			targets = (
				E064DFA51EC2FC7300F5CC48 /* LocalPhotoViewer */,
				E064DFB91EC2FC7300F5CC48 /* LocalPhotoViewerTests */,
				E064DFC41EC2FC7300F5CC48 /* LocalPhotoViewerUITests */,
			);
		};
/* End PBXProject section */

/* Begin PBXResourcesBuildPhase section */
		E064DFA41EC2FC7300F5CC48 /* Resources */ = {
			isa = PBXResourcesBuildPhase;
			buildActionMask = 2147483647;
			files = (
				E064DFB41EC2FC7300F5CC48 /* LaunchScreen.storyboard in Resources */,
				E064DFB11EC2FC7300F5CC48 /* Assets.xcassets in Resources */,
				E064DFDA1EC3000100F5CC48 /* ImageCollectionViewCell.xib in Resources */,
				E064DFAF1EC2FC7300F5CC48 /* Main.storyboard in Resources */,
			);
			runOnlyForDeploymentPostprocessing = 0;
		};
		E064DFB81EC2FC7300F5CC48 /* Resources */ = {
			isa = PBXResourcesBuildPhase;
			buildActionMask = 2147483647;
			files = (
			);
			runOnlyForDeploymentPostprocessing = 0;
		};
		E064DFC31EC2FC7300F5CC48 /* Resources */ = {
			isa = PBXResourcesBuildPhase;
			buildActionMask = 2147483647;
			files = (
			);
			runOnlyForDeploymentPostprocessing = 0;
		};
/* End PBXResourcesBuildPhase section */

/* Begin PBXSourcesBuildPhase section */
		E064DFA21EC2FC7300F5CC48 /* Sources */ = {
			isa = PBXSourcesBuildPhase;
			buildActionMask = 2147483647;
			files = (
				E064DFD91EC3000100F5CC48 /* ImageCollectionViewCell.swift in Sources */,
				E064DFAC1EC2FC7300F5CC48 /* ViewController.swift in Sources */,
				E064DFAA1EC2FC7300F5CC48 /* AppDelegate.swift in Sources */,
			);
			runOnlyForDeploymentPostprocessing = 0;
		};
		E064DFB61EC2FC7300F5CC48 /* Sources */ = {
			isa = PBXSourcesBuildPhase;
			buildActionMask = 2147483647;
			files = (
				E064DFBF1EC2FC7300F5CC48 /* LocalPhotoViewerTests.swift in Sources */,
			);
			runOnlyForDeploymentPostprocessing = 0;
		};
		E064DFC11EC2FC7300F5CC48 /* Sources */ = {
			isa = PBXSourcesBuildPhase;
			buildActionMask = 2147483647;
			files = (
				E064DFCA1EC2FC7300F5CC48 /* LocalPhotoViewerUITests.swift in Sources */,
			);
			runOnlyForDeploymentPostprocessing = 0;
		};
/* End PBXSourcesBuildPhase section */

/* Begin PBXTargetDependency section */
		E064DFBC1EC2FC7300F5CC48 /* PBXTargetDependency */ = {
			isa = PBXTargetDependency;
			target = E064DFA51EC2FC7300F5CC48 /* LocalPhotoViewer */;
			targetProxy = E064DFBB1EC2FC7300F5CC48 /* PBXContainerItemProxy */;
		};
		E064DFC71EC2FC7300F5CC48 /* PBXTargetDependency */ = {
			isa = PBXTargetDependency;
			target = E064DFA51EC2FC7300F5CC48 /* LocalPhotoViewer */;
			targetProxy = E064DFC61EC2FC7300F5CC48 /* PBXContainerItemProxy */;
		};
/* End PBXTargetDependency section */

/* Begin PBXVariantGroup section */
		E064DFAD1EC2FC7300F5CC48 /* Main.storyboard */ = {
			isa = PBXVariantGroup;
			children = (
				E064DFAE1EC2FC7300F5CC48 /* Base */,
			);
			name = Main.storyboard;
			sourceTree = "<group>";
		};
		E064DFB21EC2FC7300F5CC48 /* LaunchScreen.storyboard */ = {
			isa = PBXVariantGroup;
			children = (
				E064DFB31EC2FC7300F5CC48 /* Base */,
			);
			name = LaunchScreen.storyboard;
			sourceTree = "<group>";
		};
/* End PBXVariantGroup section */

/* Begin XCBuildConfiguration section */
		E064DFCC1EC2FC7300F5CC48 /* Debug */ = {
			isa = XCBuildConfiguration;
			buildSettings = {
				ALWAYS_SEARCH_USER_PATHS = NO;
				CLANG_ANALYZER_NONNULL = YES;
				CLANG_ANALYZER_NUMBER_OBJECT_CONVERSION = YES_AGGRESSIVE;
				CLANG_CXX_LANGUAGE_STANDARD = "gnu++0x";
				CLANG_CXX_LIBRARY = "libc++";
				CLANG_ENABLE_MODULES = YES;
				CLANG_ENABLE_OBJC_ARC = YES;
				CLANG_WARN_BOOL_CONVERSION = YES;
				CLANG_WARN_CONSTANT_CONVERSION = YES;
				CLANG_WARN_DIRECT_OBJC_ISA_USAGE = YES_ERROR;
				CLANG_WARN_DOCUMENTATION_COMMENTS = YES;
				CLANG_WARN_EMPTY_BODY = YES;
				CLANG_WARN_ENUM_CONVERSION = YES;
				CLANG_WARN_INFINITE_RECURSION = YES;
				CLANG_WARN_INT_CONVERSION = YES;
				CLANG_WARN_OBJC_ROOT_CLASS = YES_ERROR;
				CLANG_WARN_SUSPICIOUS_MOVE = YES;
				CLANG_WARN_UNREACHABLE_CODE = YES;
				CLANG_WARN__DUPLICATE_METHOD_MATCH = YES;
				"CODE_SIGN_IDENTITY[sdk=iphoneos*]" = "iPhone Developer";
				COPY_PHASE_STRIP = NO;
				DEBUG_INFORMATION_FORMAT = dwarf;
				ENABLE_STRICT_OBJC_MSGSEND = YES;
				ENABLE_TESTABILITY = YES;
				GCC_C_LANGUAGE_STANDARD = gnu99;
				GCC_DYNAMIC_NO_PIC = NO;
				GCC_NO_COMMON_BLOCKS = YES;
				GCC_OPTIMIZATION_LEVEL = 0;
				GCC_PREPROCESSOR_DEFINITIONS = (
					"DEBUG=1",
					"$(inherited)",
				);
				GCC_WARN_64_TO_32_BIT_CONVERSION = YES;
				GCC_WARN_ABOUT_RETURN_TYPE = YES_ERROR;
				GCC_WARN_UNDECLARED_SELECTOR = YES;
				GCC_WARN_UNINITIALIZED_AUTOS = YES_AGGRESSIVE;
				GCC_WARN_UNUSED_FUNCTION = YES;
				GCC_WARN_UNUSED_VARIABLE = YES;
				IPHONEOS_DEPLOYMENT_TARGET = 10.3;
				MTL_ENABLE_DEBUG_INFO = YES;
				ONLY_ACTIVE_ARCH = YES;
				SDKROOT = iphoneos;
				SWIFT_ACTIVE_COMPILATION_CONDITIONS = DEBUG;
				SWIFT_OPTIMIZATION_LEVEL = "-Onone";
				TARGETED_DEVICE_FAMILY = "1,2";
			};
			name = Debug;
		};
		E064DFCD1EC2FC7300F5CC48 /* Release */ = {
			isa = XCBuildConfiguration;
			buildSettings = {
				ALWAYS_SEARCH_USER_PATHS = NO;
				CLANG_ANALYZER_NONNULL = YES;
				CLANG_ANALYZER_NUMBER_OBJECT_CONVERSION = YES_AGGRESSIVE;
				CLANG_CXX_LANGUAGE_STANDARD = "gnu++0x";
				CLANG_CXX_LIBRARY = "libc++";
				CLANG_ENABLE_MODULES = YES;
				CLANG_ENABLE_OBJC_ARC = YES;
				CLANG_WARN_BOOL_CONVERSION = YES;
				CLANG_WARN_CONSTANT_CONVERSION = YES;
				CLANG_WARN_DIRECT_OBJC_ISA_USAGE = YES_ERROR;
				CLANG_WARN_DOCUMENTATION_COMMENTS = YES;
				CLANG_WARN_EMPTY_BODY = YES;
				CLANG_WARN_ENUM_CONVERSION = YES;
				CLANG_WARN_INFINITE_RECURSION = YES;
				CLANG_WARN_INT_CONVERSION = YES;
				CLANG_WARN_OBJC_ROOT_CLASS = YES_ERROR;
				CLANG_WARN_SUSPICIOUS_MOVE = YES;
				CLANG_WARN_UNREACHABLE_CODE = YES;
				CLANG_WARN__DUPLICATE_METHOD_MATCH = YES;
				"CODE_SIGN_IDENTITY[sdk=iphoneos*]" = "iPhone Developer";
				COPY_PHASE_STRIP = NO;
				DEBUG_INFORMATION_FORMAT = "dwarf-with-dsym";
				ENABLE_NS_ASSERTIONS = NO;
				ENABLE_STRICT_OBJC_MSGSEND = YES;
				GCC_C_LANGUAGE_STANDARD = gnu99;
				GCC_NO_COMMON_BLOCKS = YES;
				GCC_WARN_64_TO_32_BIT_CONVERSION = YES;
				GCC_WARN_ABOUT_RETURN_TYPE = YES_ERROR;
				GCC_WARN_UNDECLARED_SELECTOR = YES;
				GCC_WARN_UNINITIALIZED_AUTOS = YES_AGGRESSIVE;
				GCC_WARN_UNUSED_FUNCTION = YES;
				GCC_WARN_UNUSED_VARIABLE = YES;
				IPHONEOS_DEPLOYMENT_TARGET = 10.3;
				MTL_ENABLE_DEBUG_INFO = NO;
				SDKROOT = iphoneos;
				SWIFT_OPTIMIZATION_LEVEL = "-Owholemodule";
				TARGETED_DEVICE_FAMILY = "1,2";
				VALIDATE_PRODUCT = YES;
			};
			name = Release;
		};
		E064DFCF1EC2FC7300F5CC48 /* Debug */ = {
			isa = XCBuildConfiguration;
			buildSettings = {
				ASSETCATALOG_COMPILER_APPICON_NAME = AppIcon;
				DEVELOPMENT_TEAM = 3KU3GWQLG8;
				INFOPLIST_FILE = LocalPhotoViewer/Info.plist;
				IPHONEOS_DEPLOYMENT_TARGET = 10.0;
				LD_RUNPATH_SEARCH_PATHS = "$(inherited) @executable_path/Frameworks";
				PRODUCT_BUNDLE_IDENTIFIER = com.shoheiyokoyama.LocalPhotoViewer;
				PRODUCT_NAME = "$(TARGET_NAME)";
				SWIFT_VERSION = 3.0;
			};
			name = Debug;
		};
		E064DFD01EC2FC7300F5CC48 /* Release */ = {
			isa = XCBuildConfiguration;
			buildSettings = {
				ASSETCATALOG_COMPILER_APPICON_NAME = AppIcon;
				DEVELOPMENT_TEAM = 3KU3GWQLG8;
				INFOPLIST_FILE = LocalPhotoViewer/Info.plist;
				IPHONEOS_DEPLOYMENT_TARGET = 10.0;
				LD_RUNPATH_SEARCH_PATHS = "$(inherited) @executable_path/Frameworks";
				PRODUCT_BUNDLE_IDENTIFIER = com.shoheiyokoyama.LocalPhotoViewer;
				PRODUCT_NAME = "$(TARGET_NAME)";
				SWIFT_VERSION = 3.0;
			};
			name = Release;
		};
		E064DFD21EC2FC7300F5CC48 /* Debug */ = {
			isa = XCBuildConfiguration;
			buildSettings = {
				ALWAYS_EMBED_SWIFT_STANDARD_LIBRARIES = YES;
				BUNDLE_LOADER = "$(TEST_HOST)";
				INFOPLIST_FILE = LocalPhotoViewerTests/Info.plist;
				LD_RUNPATH_SEARCH_PATHS = "$(inherited) @executable_path/Frameworks @loader_path/Frameworks";
				PRODUCT_BUNDLE_IDENTIFIER = com.shoheiyokoyama.LocalPhotoViewerTests;
				PRODUCT_NAME = "$(TARGET_NAME)";
				SWIFT_VERSION = 3.0;
				TEST_HOST = "$(BUILT_PRODUCTS_DIR)/LocalPhotoViewer.app/LocalPhotoViewer";
			};
			name = Debug;
		};
		E064DFD31EC2FC7300F5CC48 /* Release */ = {
			isa = XCBuildConfiguration;
			buildSettings = {
				ALWAYS_EMBED_SWIFT_STANDARD_LIBRARIES = YES;
				BUNDLE_LOADER = "$(TEST_HOST)";
				INFOPLIST_FILE = LocalPhotoViewerTests/Info.plist;
				LD_RUNPATH_SEARCH_PATHS = "$(inherited) @executable_path/Frameworks @loader_path/Frameworks";
				PRODUCT_BUNDLE_IDENTIFIER = com.shoheiyokoyama.LocalPhotoViewerTests;
				PRODUCT_NAME = "$(TARGET_NAME)";
				SWIFT_VERSION = 3.0;
				TEST_HOST = "$(BUILT_PRODUCTS_DIR)/LocalPhotoViewer.app/LocalPhotoViewer";
			};
			name = Release;
		};
		E064DFD51EC2FC7300F5CC48 /* Debug */ = {
			isa = XCBuildConfiguration;
			buildSettings = {
				ALWAYS_EMBED_SWIFT_STANDARD_LIBRARIES = YES;
				INFOPLIST_FILE = LocalPhotoViewerUITests/Info.plist;
				LD_RUNPATH_SEARCH_PATHS = "$(inherited) @executable_path/Frameworks @loader_path/Frameworks";
				PRODUCT_BUNDLE_IDENTIFIER = com.shoheiyokoyama.LocalPhotoViewerUITests;
				PRODUCT_NAME = "$(TARGET_NAME)";
				SWIFT_VERSION = 3.0;
				TEST_TARGET_NAME = LocalPhotoViewer;
			};
			name = Debug;
		};
		E064DFD61EC2FC7300F5CC48 /* Release */ = {
			isa = XCBuildConfiguration;
			buildSettings = {
				ALWAYS_EMBED_SWIFT_STANDARD_LIBRARIES = YES;
				INFOPLIST_FILE = LocalPhotoViewerUITests/Info.plist;
				LD_RUNPATH_SEARCH_PATHS = "$(inherited) @executable_path/Frameworks @loader_path/Frameworks";
				PRODUCT_BUNDLE_IDENTIFIER = com.shoheiyokoyama.LocalPhotoViewerUITests;
				PRODUCT_NAME = "$(TARGET_NAME)";
				SWIFT_VERSION = 3.0;
				TEST_TARGET_NAME = LocalPhotoViewer;
			};
			name = Release;
		};
/* End XCBuildConfiguration section */

/* Begin XCConfigurationList section */
		E064DFA11EC2FC7200F5CC48 /* Build configuration list for PBXProject "LocalPhotoViewer" */ = {
			isa = XCConfigurationList;
			buildConfigurations = (
				E064DFCC1EC2FC7300F5CC48 /* Debug */,
				E064DFCD1EC2FC7300F5CC48 /* Release */,
			);
			defaultConfigurationIsVisible = 0;
			defaultConfigurationName = Release;
		};
		E064DFCE1EC2FC7300F5CC48 /* Build configuration list for PBXNativeTarget "LocalPhotoViewer" */ = {
			isa = XCConfigurationList;
			buildConfigurations = (
				E064DFCF1EC2FC7300F5CC48 /* Debug */,
				E064DFD01EC2FC7300F5CC48 /* Release */,
			);
			defaultConfigurationIsVisible = 0;
		};
		E064DFD11EC2FC7300F5CC48 /* Build configuration list for PBXNativeTarget "LocalPhotoViewerTests" */ = {
			isa = XCConfigurationList;
			buildConfigurations = (
				E064DFD21EC2FC7300F5CC48 /* Debug */,
				E064DFD31EC2FC7300F5CC48 /* Release */,
			);
			defaultConfigurationIsVisible = 0;
		};
		E064DFD41EC2FC7300F5CC48 /* Build configuration list for PBXNativeTarget "LocalPhotoViewerUITests" */ = {
			isa = XCConfigurationList;
			buildConfigurations = (
				E064DFD51EC2FC7300F5CC48 /* Debug */,
				E064DFD61EC2FC7300F5CC48 /* Release */,
			);
			defaultConfigurationIsVisible = 0;
		};
/* End XCConfigurationList section */
	};
	rootObject = E064DF9E1EC2FC7200F5CC48 /* Project object */;
}
