// !$*UTF8*$!
{
	archiveVersion = 1;
	classes = {
	};
	objectVersion = 46;
	objects = {

/* Begin PBXBuildFile section */
		6D5239F41D250BA5000E09C0 /* AppDelegate.swift in Sources */ = {isa = PBXBuildFile; fileRef = 6D5239F31D250BA5000E09C0 /* AppDelegate.swift */; };
		6D5239F61D250BA5000E09C0 /* RootViewController.swift in Sources */ = {isa = PBXBuildFile; fileRef = 6D5239F51D250BA5000E09C0 /* RootViewController.swift */; };
		6D5239F81D250BA5000E09C0 /* DataViewController.swift in Sources */ = {isa = PBXBuildFile; fileRef = 6D5239F71D250BA5000E09C0 /* DataViewController.swift */; };
		6D5239FA1D250BA5000E09C0 /* ModelController.swift in Sources */ = {isa = PBXBuildFile; fileRef = 6D5239F91D250BA5000E09C0 /* ModelController.swift */; };
		6D5239FD1D250BA5000E09C0 /* Main.storyboard in Resources */ = {isa = PBXBuildFile; fileRef = 6D5239FB1D250BA5000E09C0 /* Main.storyboard */; };
		6D5239FF1D250BA5000E09C0 /* Assets.xcassets in Resources */ = {isa = PBXBuildFile; fileRef = 6D5239FE1D250BA5000E09C0 /* Assets.xcassets */; };
		6D523A021D250BA5000E09C0 /* LaunchScreen.storyboard in Resources */ = {isa = PBXBuildFile; fileRef = 6D523A001D250BA5000E09C0 /* LaunchScreen.storyboard */; };
		6D7DD6881D58601F00184027 /* MyPageViewDataSource.swift in Sources */ = {isa = PBXBuildFile; fileRef = 6D7DD6871D58601F00184027 /* MyPageViewDataSource.swift */; };
		6D7DD68A1D58608600184027 /* PageableDataSource.swift in Sources */ = {isa = PBXBuildFile; fileRef = 6D7DD6891D58608600184027 /* PageableDataSource.swift */; };
		6D7DD68C1D5860A100184027 /* Pageable.swift in Sources */ = {isa = PBXBuildFile; fileRef = 6D7DD68B1D5860A100184027 /* Pageable.swift */; };
		6D7DD68E1D5860F500184027 /* MyDataViewController.swift in Sources */ = {isa = PBXBuildFile; fileRef = 6D7DD68D1D5860F500184027 /* MyDataViewController.swift */; };
		6D7DD6901D58619300184027 /* MyRootViewController.swift in Sources */ = {isa = PBXBuildFile; fileRef = 6D7DD68F1D58619300184027 /* MyRootViewController.swift */; };
/* End PBXBuildFile section */

/* Begin PBXFileReference section */
		6D5239F01D250BA5000E09C0 /* PageViewController.app */ = {isa = PBXFileReference; explicitFileType = wrapper.application; includeInIndex = 0; path = PageViewController.app; sourceTree = BUILT_PRODUCTS_DIR; };
		6D5239F31D250BA5000E09C0 /* AppDelegate.swift */ = {isa = PBXFileReference; lastKnownFileType = sourcecode.swift; path = AppDelegate.swift; sourceTree = "<group>"; };
		6D5239F51D250BA5000E09C0 /* RootViewController.swift */ = {isa = PBXFileReference; lastKnownFileType = sourcecode.swift; path = RootViewController.swift; sourceTree = "<group>"; };
		6D5239F71D250BA5000E09C0 /* DataViewController.swift */ = {isa = PBXFileReference; lastKnownFileType = sourcecode.swift; path = DataViewController.swift; sourceTree = "<group>"; };
		6D5239F91D250BA5000E09C0 /* ModelController.swift */ = {isa = PBXFileReference; lastKnownFileType = sourcecode.swift; path = ModelController.swift; sourceTree = "<group>"; };
		6D5239FC1D250BA5000E09C0 /* Base */ = {isa = PBXFileReference; lastKnownFileType = file.storyboard; name = Base; path = Base.lproj/Main.storyboard; sourceTree = "<group>"; };
		6D5239FE1D250BA5000E09C0 /* Assets.xcassets */ = {isa = PBXFileReference; lastKnownFileType = folder.assetcatalog; path = Assets.xcassets; sourceTree = "<group>"; };
		6D523A011D250BA5000E09C0 /* Base */ = {isa = PBXFileReference; lastKnownFileType = file.storyboard; name = Base; path = Base.lproj/LaunchScreen.storyboard; sourceTree = "<group>"; };
		6D523A031D250BA5000E09C0 /* Info.plist */ = {isa = PBXFileReference; lastKnownFileType = text.plist.xml; path = Info.plist; sourceTree = "<group>"; };
		6D7DD6871D58601F00184027 /* MyPageViewDataSource.swift */ = {isa = PBXFileReference; fileEncoding = 4; lastKnownFileType = sourcecode.swift; path = MyPageViewDataSource.swift; sourceTree = "<group>"; };
		6D7DD6891D58608600184027 /* PageableDataSource.swift */ = {isa = PBXFileReference; fileEncoding = 4; lastKnownFileType = sourcecode.swift; path = PageableDataSource.swift; sourceTree = "<group>"; };
		6D7DD68B1D5860A100184027 /* Pageable.swift */ = {isa = PBXFileReference; fileEncoding = 4; lastKnownFileType = sourcecode.swift; path = Pageable.swift; sourceTree = "<group>"; };
		6D7DD68D1D5860F500184027 /* MyDataViewController.swift */ = {isa = PBXFileReference; fileEncoding = 4; lastKnownFileType = sourcecode.swift; path = MyDataViewController.swift; sourceTree = "<group>"; };
		6D7DD68F1D58619300184027 /* MyRootViewController.swift */ = {isa = PBXFileReference; fileEncoding = 4; lastKnownFileType = sourcecode.swift; path = MyRootViewController.swift; sourceTree = "<group>"; };
/* End PBXFileReference section */

/* Begin PBXFrameworksBuildPhase section */
		6D5239ED1D250BA5000E09C0 /* Frameworks */ = {
			isa = PBXFrameworksBuildPhase;
			buildActionMask = 2147483647;
			files = (
			);
			runOnlyForDeploymentPostprocessing = 0;
		};
/* End PBXFrameworksBuildPhase section */

/* Begin PBXGroup section */
		6D5239E71D250BA5000E09C0 = {
			isa = PBXGroup;
			children = (
				6D5239F21D250BA5000E09C0 /* PageViewController */,
				6D5239F11D250BA5000E09C0 /* Products */,
			);
			sourceTree = "<group>";
		};
		6D5239F11D250BA5000E09C0 /* Products */ = {
			isa = PBXGroup;
			children = (
				6D5239F01D250BA5000E09C0 /* PageViewController.app */,
			);
			name = Products;
			sourceTree = "<group>";
		};
		6D5239F21D250BA5000E09C0 /* PageViewController */ = {
			isa = PBXGroup;
			children = (
				6D5239F31D250BA5000E09C0 /* AppDelegate.swift */,
				6D5239F51D250BA5000E09C0 /* RootViewController.swift */,
				6D5239F71D250BA5000E09C0 /* DataViewController.swift */,
				6D5239F91D250BA5000E09C0 /* ModelController.swift */,
				6D7DD6861D585FCC00184027 /* MyPageView */,
				6D5239FB1D250BA5000E09C0 /* Main.storyboard */,
				6D5239FE1D250BA5000E09C0 /* Assets.xcassets */,
				6D523A001D250BA5000E09C0 /* LaunchScreen.storyboard */,
				6D523A031D250BA5000E09C0 /* Info.plist */,
			);
			path = PageViewController;
			sourceTree = "<group>";
		};
		6D7DD6861D585FCC00184027 /* MyPageView */ = {
			isa = PBXGroup;
			children = (
				6D7DD6871D58601F00184027 /* MyPageViewDataSource.swift */,
				6D7DD68D1D5860F500184027 /* MyDataViewController.swift */,
				6D7DD68F1D58619300184027 /* MyRootViewController.swift */,
				6D7DD6891D58608600184027 /* PageableDataSource.swift */,
				6D7DD68B1D5860A100184027 /* Pageable.swift */,
			);
			path = MyPageView;
			sourceTree = "<group>";
		};
/* End PBXGroup section */

/* Begin PBXNativeTarget section */
		6D5239EF1D250BA5000E09C0 /* PageViewController */ = {
			isa = PBXNativeTarget;
			buildConfigurationList = 6D523A061D250BA5000E09C0 /* Build configuration list for PBXNativeTarget "PageViewController" */;
			buildPhases = (
				6D5239EC1D250BA5000E09C0 /* Sources */,
				6D5239ED1D250BA5000E09C0 /* Frameworks */,
				6D5239EE1D250BA5000E09C0 /* Resources */,
			);
			buildRules = (
			);
			dependencies = (
			);
			name = PageViewController;
			productName = PageViewController;
			productReference = 6D5239F01D250BA5000E09C0 /* PageViewController.app */;
			productType = "com.apple.product-type.application";
		};
/* End PBXNativeTarget section */

/* Begin PBXProject section */
		6D5239E81D250BA5000E09C0 /* Project object */ = {
			isa = PBXProject;
			attributes = {
				LastSwiftUpdateCheck = 0730;
				LastUpgradeCheck = 0730;
				ORGANIZATIONNAME = Shohei;
				TargetAttributes = {
					6D5239EF1D250BA5000E09C0 = {
						CreatedOnToolsVersion = 7.3;
					};
				};
			};
			buildConfigurationList = 6D5239EB1D250BA5000E09C0 /* Build configuration list for PBXProject "PageViewController" */;
			compatibilityVersion = "Xcode 3.2";
			developmentRegion = English;
			hasScannedForEncodings = 0;
			knownRegions = (
				en,
				Base,
			);
			mainGroup = 6D5239E71D250BA5000E09C0;
			productRefGroup = 6D5239F11D250BA5000E09C0 /* Products */;
			projectDirPath = "";
			projectRoot = "";
			targets = (
				6D5239EF1D250BA5000E09C0 /* PageViewController */,
			);
		};
/* End PBXProject section */

/* Begin PBXResourcesBuildPhase section */
		6D5239EE1D250BA5000E09C0 /* Resources */ = {
			isa = PBXResourcesBuildPhase;
			buildActionMask = 2147483647;
			files = (
				6D523A021D250BA5000E09C0 /* LaunchScreen.storyboard in Resources */,
				6D5239FF1D250BA5000E09C0 /* Assets.xcassets in Resources */,
				6D5239FD1D250BA5000E09C0 /* Main.storyboard in Resources */,
			);
			runOnlyForDeploymentPostprocessing = 0;
		};
/* End PBXResourcesBuildPhase section */

/* Begin PBXSourcesBuildPhase section */
		6D5239EC1D250BA5000E09C0 /* Sources */ = {
			isa = PBXSourcesBuildPhase;
			buildActionMask = 2147483647;
			files = (
				6D5239F61D250BA5000E09C0 /* RootViewController.swift in Sources */,
				6D5239FA1D250BA5000E09C0 /* ModelController.swift in Sources */,
				6D7DD68C1D5860A100184027 /* Pageable.swift in Sources */,
				6D7DD6881D58601F00184027 /* MyPageViewDataSource.swift in Sources */,
				6D7DD68E1D5860F500184027 /* MyDataViewController.swift in Sources */,
				6D7DD68A1D58608600184027 /* PageableDataSource.swift in Sources */,
				6D5239F81D250BA5000E09C0 /* DataViewController.swift in Sources */,
				6D7DD6901D58619300184027 /* MyRootViewController.swift in Sources */,
				6D5239F41D250BA5000E09C0 /* AppDelegate.swift in Sources */,
			);
			runOnlyForDeploymentPostprocessing = 0;
		};
/* End PBXSourcesBuildPhase section */

/* Begin PBXVariantGroup section */
		6D5239FB1D250BA5000E09C0 /* Main.storyboard */ = {
			isa = PBXVariantGroup;
			children = (
				6D5239FC1D250BA5000E09C0 /* Base */,
			);
			name = Main.storyboard;
			sourceTree = "<group>";
		};
		6D523A001D250BA5000E09C0 /* LaunchScreen.storyboard */ = {
			isa = PBXVariantGroup;
			children = (
				6D523A011D250BA5000E09C0 /* Base */,
			);
			name = LaunchScreen.storyboard;
			sourceTree = "<group>";
		};
/* End PBXVariantGroup section */

/* Begin XCBuildConfiguration section */
		6D523A041D250BA5000E09C0 /* Debug */ = {
			isa = XCBuildConfiguration;
			buildSettings = {
				ALWAYS_SEARCH_USER_PATHS = NO;
				CLANG_ANALYZER_NONNULL = YES;
				CLANG_CXX_LANGUAGE_STANDARD = "gnu++0x";
				CLANG_CXX_LIBRARY = "libc++";
				CLANG_ENABLE_MODULES = YES;
				CLANG_ENABLE_OBJC_ARC = YES;
				CLANG_WARN_BOOL_CONVERSION = YES;
				CLANG_WARN_CONSTANT_CONVERSION = YES;
				CLANG_WARN_DIRECT_OBJC_ISA_USAGE = YES_ERROR;
				CLANG_WARN_EMPTY_BODY = YES;
				CLANG_WARN_ENUM_CONVERSION = YES;
				CLANG_WARN_INT_CONVERSION = YES;
				CLANG_WARN_OBJC_ROOT_CLASS = YES_ERROR;
				CLANG_WARN_UNREACHABLE_CODE = YES;
				CLANG_WARN__DUPLICATE_METHOD_MATCH = YES;
				"CODE_SIGN_IDENTITY[sdk=iphoneos*]" = "iPhone Developer";
				COPY_PHASE_STRIP = NO;
				DEBUG_INFORMATION_FORMAT = dwarf;
				ENABLE_STRICT_OBJC_MSGSEND = YES;
				ENABLE_TESTABILITY = YES;
				GCC_C_LANGUAGE_STANDARD = gnu99;
				GCC_DYNAMIC_NO_PIC = NO;
				GCC_NO_COMMON_BLOCKS = YES;
				GCC_OPTIMIZATION_LEVEL = 0;
				GCC_PREPROCESSOR_DEFINITIONS = (
					"DEBUG=1",
					"$(inherited)",
				);
				GCC_WARN_64_TO_32_BIT_CONVERSION = YES;
				GCC_WARN_ABOUT_RETURN_TYPE = YES_ERROR;
				GCC_WARN_UNDECLARED_SELECTOR = YES;
				GCC_WARN_UNINITIALIZED_AUTOS = YES_AGGRESSIVE;
				GCC_WARN_UNUSED_FUNCTION = YES;
				GCC_WARN_UNUSED_VARIABLE = YES;
				IPHONEOS_DEPLOYMENT_TARGET = 9.3;
				MTL_ENABLE_DEBUG_INFO = YES;
				ONLY_ACTIVE_ARCH = YES;
				SDKROOT = iphoneos;
				SWIFT_OPTIMIZATION_LEVEL = "-Onone";
			};
			name = Debug;
		};
		6D523A051D250BA5000E09C0 /* Release */ = {
			isa = XCBuildConfiguration;
			buildSettings = {
				ALWAYS_SEARCH_USER_PATHS = NO;
				CLANG_ANALYZER_NONNULL = YES;
				CLANG_CXX_LANGUAGE_STANDARD = "gnu++0x";
				CLANG_CXX_LIBRARY = "libc++";
				CLANG_ENABLE_MODULES = YES;
				CLANG_ENABLE_OBJC_ARC = YES;
				CLANG_WARN_BOOL_CONVERSION = YES;
				CLANG_WARN_CONSTANT_CONVERSION = YES;
				CLANG_WARN_DIRECT_OBJC_ISA_USAGE = YES_ERROR;
				CLANG_WARN_EMPTY_BODY = YES;
				CLANG_WARN_ENUM_CONVERSION = YES;
				CLANG_WARN_INT_CONVERSION = YES;
				CLANG_WARN_OBJC_ROOT_CLASS = YES_ERROR;
				CLANG_WARN_UNREACHABLE_CODE = YES;
				CLANG_WARN__DUPLICATE_METHOD_MATCH = YES;
				"CODE_SIGN_IDENTITY[sdk=iphoneos*]" = "iPhone Developer";
				COPY_PHASE_STRIP = NO;
				DEBUG_INFORMATION_FORMAT = "dwarf-with-dsym";
				ENABLE_NS_ASSERTIONS = NO;
				ENABLE_STRICT_OBJC_MSGSEND = YES;
				GCC_C_LANGUAGE_STANDARD = gnu99;
				GCC_NO_COMMON_BLOCKS = YES;
				GCC_WARN_64_TO_32_BIT_CONVERSION = YES;
				GCC_WARN_ABOUT_RETURN_TYPE = YES_ERROR;
				GCC_WARN_UNDECLARED_SELECTOR = YES;
				GCC_WARN_UNINITIALIZED_AUTOS = YES_AGGRESSIVE;
				GCC_WARN_UNUSED_FUNCTION = YES;
				GCC_WARN_UNUSED_VARIABLE = YES;
				IPHONEOS_DEPLOYMENT_TARGET = 9.3;
				MTL_ENABLE_DEBUG_INFO = NO;
				SDKROOT = iphoneos;
				VALIDATE_PRODUCT = YES;
			};
			name = Release;
		};
		6D523A071D250BA5000E09C0 /* Debug */ = {
			isa = XCBuildConfiguration;
			buildSettings = {
				ASSETCATALOG_COMPILER_APPICON_NAME = AppIcon;
				INFOPLIST_FILE = PageViewController/Info.plist;
				LD_RUNPATH_SEARCH_PATHS = "$(inherited) @executable_path/Frameworks";
				PRODUCT_BUNDLE_IDENTIFIER = com.Shohei.PageViewController;
				PRODUCT_NAME = "$(TARGET_NAME)";
			};
			name = Debug;
		};
		6D523A081D250BA5000E09C0 /* Release */ = {
			isa = XCBuildConfiguration;
			buildSettings = {
				ASSETCATALOG_COMPILER_APPICON_NAME = AppIcon;
				INFOPLIST_FILE = PageViewController/Info.plist;
				LD_RUNPATH_SEARCH_PATHS = "$(inherited) @executable_path/Frameworks";
				PRODUCT_BUNDLE_IDENTIFIER = com.Shohei.PageViewController;
				PRODUCT_NAME = "$(TARGET_NAME)";
			};
			name = Release;
		};
/* End XCBuildConfiguration section */

/* Begin XCConfigurationList section */
		6D5239EB1D250BA5000E09C0 /* Build configuration list for PBXProject "PageViewController" */ = {
			isa = XCConfigurationList;
			buildConfigurations = (
				6D523A041D250BA5000E09C0 /* Debug */,
				6D523A051D250BA5000E09C0 /* Release */,
			);
			defaultConfigurationIsVisible = 0;
			defaultConfigurationName = Release;
		};
		6D523A061D250BA5000E09C0 /* Build configuration list for PBXNativeTarget "PageViewController" */ = {
			isa = XCConfigurationList;
			buildConfigurations = (
				6D523A071D250BA5000E09C0 /* Debug */,
				6D523A081D250BA5000E09C0 /* Release */,
			);
			defaultConfigurationIsVisible = 0;
			defaultConfigurationName = Release;
		};
/* End XCConfigurationList section */
	};
	rootObject = 6D5239E81D250BA5000E09C0 /* Project object */;
}
